// !$*UTF8*$!
{
	archiveVersion = 1;
	classes = {
	};
	objectVersion = 46;
	objects = {

/* Begin PBXBuildFile section */
		EE33B5051A1C94E70003854A /* IoTAirlinkConfigure.m in Sources */ = {isa = PBXBuildFile; fileRef = EE33B4FC1A1C94E70003854A /* IoTAirlinkConfigure.m */; };
		EE33B5061A1C94E70003854A /* IoTAirlinkConfigure.xib in Resources */ = {isa = PBXBuildFile; fileRef = EE33B4FD1A1C94E70003854A /* IoTAirlinkConfigure.xib */; };
		EE33B5071A1C94E70003854A /* IoTDeviceAP.m in Sources */ = {isa = PBXBuildFile; fileRef = EE33B5001A1C94E70003854A /* IoTDeviceAP.m */; };
		EE33B5081A1C94E70003854A /* IoTDeviceAP.xib in Resources */ = {isa = PBXBuildFile; fileRef = EE33B5011A1C94E70003854A /* IoTDeviceAP.xib */; };
		EE33B5091A1C94E70003854A /* IoTWaitForConfigureAP.m in Sources */ = {isa = PBXBuildFile; fileRef = EE33B5031A1C94E70003854A /* IoTWaitForConfigureAP.m */; };
		EE33B50A1A1C94E70003854A /* IoTWaitForConfigureAP.xib in Resources */ = {isa = PBXBuildFile; fileRef = EE33B5041A1C94E70003854A /* IoTWaitForConfigureAP.xib */; };
		EE45797119F64B0F00E1E9DF /* main.m in Sources */ = {isa = PBXBuildFile; fileRef = EE45797019F64B0F00E1E9DF /* main.m */; };
		EE45797419F64B0F00E1E9DF /* IoTAppDelegate.m in Sources */ = {isa = PBXBuildFile; fileRef = EE45797319F64B0F00E1E9DF /* IoTAppDelegate.m */; };
		EE45797C19F64B0F00E1E9DF /* Images.xcassets in Resources */ = {isa = PBXBuildFile; fileRef = EE45797B19F64B0F00E1E9DF /* Images.xcassets */; };
		EE4579A619F650FE00E1E9DF /* IoTLogin.m in Sources */ = {isa = PBXBuildFile; fileRef = EE45799F19F650FE00E1E9DF /* IoTLogin.m */; };
		EE4579A719F650FE00E1E9DF /* IoTLogin.xib in Resources */ = {isa = PBXBuildFile; fileRef = EE4579A019F650FE00E1E9DF /* IoTLogin.xib */; };
		EE4579A819F650FE00E1E9DF /* IoTRegister.m in Sources */ = {isa = PBXBuildFile; fileRef = EE4579A219F650FE00E1E9DF /* IoTRegister.m */; };
		EE4579A919F650FE00E1E9DF /* IoTRegister.xib in Resources */ = {isa = PBXBuildFile; fileRef = EE4579A319F650FE00E1E9DF /* IoTRegister.xib */; };
		EE4579BC19F6511500E1E9DF /* IoTCheckConnection.m in Sources */ = {isa = PBXBuildFile; fileRef = EE4579B719F6511500E1E9DF /* IoTCheckConnection.m */; };
		EE4579BD19F6511500E1E9DF /* IoTCheckConnection.xib in Resources */ = {isa = PBXBuildFile; fileRef = EE4579B819F6511500E1E9DF /* IoTCheckConnection.xib */; };
		EE4579BE19F6511500E1E9DF /* IoTNotReachable.m in Sources */ = {isa = PBXBuildFile; fileRef = EE4579BA19F6511500E1E9DF /* IoTNotReachable.m */; };
		EE4579BF19F6511500E1E9DF /* IoTNotReachable.xib in Resources */ = {isa = PBXBuildFile; fileRef = EE4579BB19F6511500E1E9DF /* IoTNotReachable.xib */; };
		EE4579C419F6511C00E1E9DF /* IoTDeviceList.m in Sources */ = {isa = PBXBuildFile; fileRef = EE4579C219F6511C00E1E9DF /* IoTDeviceList.m */; };
		EE4579C519F6511C00E1E9DF /* IoTDeviceList.xib in Resources */ = {isa = PBXBuildFile; fileRef = EE4579C319F6511C00E1E9DF /* IoTDeviceList.xib */; };
		EE4579E419F6512400E1E9DF /* CAAnimation+Blocks.m in Sources */ = {isa = PBXBuildFile; fileRef = EE4579CF19F6512400E1E9DF /* CAAnimation+Blocks.m */; };
		EE4579F619F6512700E1E9DF /* align.png in Resources */ = {isa = PBXBuildFile; fileRef = EE4579F019F6512700E1E9DF /* align.png */; };
		EE4579F719F6512700E1E9DF /* rssi_0@2x.png in Resources */ = {isa = PBXBuildFile; fileRef = EE4579F119F6512700E1E9DF /* rssi_0@2x.png */; };
		EE4579F819F6512700E1E9DF /* rssi_1@2x.png in Resources */ = {isa = PBXBuildFile; fileRef = EE4579F219F6512700E1E9DF /* rssi_1@2x.png */; };
		EE4579F919F6512700E1E9DF /* rssi_2@2x.png in Resources */ = {isa = PBXBuildFile; fileRef = EE4579F319F6512700E1E9DF /* rssi_2@2x.png */; };
		EE4579FA19F6512700E1E9DF /* rssi_3@2x.png in Resources */ = {isa = PBXBuildFile; fileRef = EE4579F419F6512700E1E9DF /* rssi_3@2x.png */; };
		EE4579FB19F6512700E1E9DF /* rssi_4@2x.png in Resources */ = {isa = PBXBuildFile; fileRef = EE4579F519F6512700E1E9DF /* rssi_4@2x.png */; };
		EE6B62A31A1AED3100F08628 /* IoTWifiUtil.m in Sources */ = {isa = PBXBuildFile; fileRef = EE6B62A21A1AED3100F08628 /* IoTWifiUtil.m */; };
		EE6B62A51A1AF5A000F08628 /* data.json in Resources */ = {isa = PBXBuildFile; fileRef = EE6B62A41A1AF5A000F08628 /* data.json */; };
		EE7D6D8319FE38CD0035DB51 /* IoTDeviceBoolCell.m in Sources */ = {isa = PBXBuildFile; fileRef = EE7D6D8119FE38CD0035DB51 /* IoTDeviceBoolCell.m */; };
		EE7D6D8419FE38CD0035DB51 /* IoTDeviceBoolCell.xib in Resources */ = {isa = PBXBuildFile; fileRef = EE7D6D8219FE38CD0035DB51 /* IoTDeviceBoolCell.xib */; };
		EE7D6D8819FE38EB0035DB51 /* IoTDeviceEnumCell.m in Sources */ = {isa = PBXBuildFile; fileRef = EE7D6D8619FE38EB0035DB51 /* IoTDeviceEnumCell.m */; };
		EE7D6D8919FE38EB0035DB51 /* IoTDeviceEnumCell.xib in Resources */ = {isa = PBXBuildFile; fileRef = EE7D6D8719FE38EB0035DB51 /* IoTDeviceEnumCell.xib */; };
		EE7D6D8F19FE3DAD0035DB51 /* IoTDeviceEnumSelection.m in Sources */ = {isa = PBXBuildFile; fileRef = EE7D6D8D19FE3DAD0035DB51 /* IoTDeviceEnumSelection.m */; };
		EE7D6D9019FE3DAD0035DB51 /* IoTDeviceEnumSelection.xib in Resources */ = {isa = PBXBuildFile; fileRef = EE7D6D8E19FE3DAD0035DB51 /* IoTDeviceEnumSelection.xib */; };
		EE86C68A19F749EF00F661AB /* IoTDeviceController.m in Sources */ = {isa = PBXBuildFile; fileRef = EE86C68819F749EF00F661AB /* IoTDeviceController.m */; };
		EE86C68B19F749EF00F661AB /* IoTDeviceController.xib in Resources */ = {isa = PBXBuildFile; fileRef = EE86C68919F749EF00F661AB /* IoTDeviceController.xib */; };
		EE86C69119F7928000F661AB /* IoTDeviceSliderCell.m in Sources */ = {isa = PBXBuildFile; fileRef = EE86C68F19F7928000F661AB /* IoTDeviceSliderCell.m */; };
		EE86C69219F7928000F661AB /* IoTDeviceSliderCell.xib in Resources */ = {isa = PBXBuildFile; fileRef = EE86C69019F7928000F661AB /* IoTDeviceSliderCell.xib */; };
		EE86C69619F7929800F661AB /* IoTDeviceLabelCell.m in Sources */ = {isa = PBXBuildFile; fileRef = EE86C69419F7929800F661AB /* IoTDeviceLabelCell.m */; };
		EE86C69719F7929800F661AB /* IoTDeviceLabelCell.xib in Resources */ = {isa = PBXBuildFile; fileRef = EE86C69519F7929800F661AB /* IoTDeviceLabelCell.xib */; };
		EECDA95D1A023F0800E35C82 /* AFHTTPRequestOperation.m in Sources */ = {isa = PBXBuildFile; fileRef = EECDA9391A023F0800E35C82 /* AFHTTPRequestOperation.m */; };
		EECDA95E1A023F0800E35C82 /* AFHTTPRequestOperationManager.m in Sources */ = {isa = PBXBuildFile; fileRef = EECDA93B1A023F0800E35C82 /* AFHTTPRequestOperationManager.m */; };
		EECDA95F1A023F0800E35C82 /* AFHTTPSessionManager.m in Sources */ = {isa = PBXBuildFile; fileRef = EECDA93D1A023F0800E35C82 /* AFHTTPSessionManager.m */; };
		EECDA9601A023F0800E35C82 /* AFNetworkReachabilityManager.m in Sources */ = {isa = PBXBuildFile; fileRef = EECDA9401A023F0800E35C82 /* AFNetworkReachabilityManager.m */; };
		EECDA9611A023F0800E35C82 /* AFSecurityPolicy.m in Sources */ = {isa = PBXBuildFile; fileRef = EECDA9421A023F0800E35C82 /* AFSecurityPolicy.m */; };
		EECDA9621A023F0800E35C82 /* AFURLConnectionOperation.m in Sources */ = {isa = PBXBuildFile; fileRef = EECDA9441A023F0800E35C82 /* AFURLConnectionOperation.m */; };
		EECDA9631A023F0800E35C82 /* AFURLRequestSerialization.m in Sources */ = {isa = PBXBuildFile; fileRef = EECDA9461A023F0800E35C82 /* AFURLRequestSerialization.m */; };
		EECDA9641A023F0800E35C82 /* AFURLResponseSerialization.m in Sources */ = {isa = PBXBuildFile; fileRef = EECDA9481A023F0800E35C82 /* AFURLResponseSerialization.m */; };
		EECDA9651A023F0800E35C82 /* AFURLSessionManager.m in Sources */ = {isa = PBXBuildFile; fileRef = EECDA94A1A023F0800E35C82 /* AFURLSessionManager.m */; };
		EECDA9661A023F0800E35C82 /* AFNetworkActivityIndicatorManager.m in Sources */ = {isa = PBXBuildFile; fileRef = EECDA94D1A023F0800E35C82 /* AFNetworkActivityIndicatorManager.m */; };
		EECDA9671A023F0800E35C82 /* UIActivityIndicatorView+AFNetworking.m in Sources */ = {isa = PBXBuildFile; fileRef = EECDA94F1A023F0800E35C82 /* UIActivityIndicatorView+AFNetworking.m */; };
		EECDA9681A023F0800E35C82 /* UIAlertView+AFNetworking.m in Sources */ = {isa = PBXBuildFile; fileRef = EECDA9511A023F0800E35C82 /* UIAlertView+AFNetworking.m */; };
		EECDA9691A023F0800E35C82 /* UIButton+AFNetworking.m in Sources */ = {isa = PBXBuildFile; fileRef = EECDA9531A023F0800E35C82 /* UIButton+AFNetworking.m */; };
		EECDA96A1A023F0800E35C82 /* UIImageView+AFNetworking.m in Sources */ = {isa = PBXBuildFile; fileRef = EECDA9551A023F0800E35C82 /* UIImageView+AFNetworking.m */; };
		EECDA96B1A023F0800E35C82 /* UIProgressView+AFNetworking.m in Sources */ = {isa = PBXBuildFile; fileRef = EECDA9581A023F0800E35C82 /* UIProgressView+AFNetworking.m */; };
		EECDA96C1A023F0800E35C82 /* UIRefreshControl+AFNetworking.m in Sources */ = {isa = PBXBuildFile; fileRef = EECDA95A1A023F0800E35C82 /* UIRefreshControl+AFNetworking.m */; };
		EECDA96D1A023F0800E35C82 /* UIWebView+AFNetworking.m in Sources */ = {isa = PBXBuildFile; fileRef = EECDA95C1A023F0800E35C82 /* UIWebView+AFNetworking.m */; };
		EECDA9701A023FAB00E35C82 /* XPGWifiSDK.framework in Frameworks */ = {isa = PBXBuildFile; fileRef = EECDA96F1A023FAB00E35C82 /* XPGWifiSDK.framework */; };
		EECDA9741A023FBC00E35C82 /* MBProgressHUD.m in Sources */ = {isa = PBXBuildFile; fileRef = EECDA9731A023FBC00E35C82 /* MBProgressHUD.m */; };
		EECDA9781A02402F00E35C82 /* iToast.m in Sources */ = {isa = PBXBuildFile; fileRef = EECDA9771A02402F00E35C82 /* iToast.m */; settings = {COMPILER_FLAGS = "-fno-objc-arc"; }; };
		EECDA9C91A02406100E35C82 /* libcrypto.a in Frameworks */ = {isa = PBXBuildFile; fileRef = EECDA9C71A02406100E35C82 /* libcrypto.a */; };
		EECDA9CA1A02406200E35C82 /* libssl.a in Frameworks */ = {isa = PBXBuildFile; fileRef = EECDA9C81A02406100E35C82 /* libssl.a */; };
		EECDA9D41A02407900E35C82 /* TPKeyboardAvoidingCollectionView.m in Sources */ = {isa = PBXBuildFile; fileRef = EECDA9CD1A02407900E35C82 /* TPKeyboardAvoidingCollectionView.m */; };
		EECDA9D51A02407900E35C82 /* TPKeyboardAvoidingScrollView.m in Sources */ = {isa = PBXBuildFile; fileRef = EECDA9CF1A02407900E35C82 /* TPKeyboardAvoidingScrollView.m */; };
		EECDA9D61A02407900E35C82 /* TPKeyboardAvoidingTableView.m in Sources */ = {isa = PBXBuildFile; fileRef = EECDA9D11A02407900E35C82 /* TPKeyboardAvoidingTableView.m */; };
		EECDA9D71A02407900E35C82 /* UIScrollView+TPKeyboardAvoidingAdditions.m in Sources */ = {isa = PBXBuildFile; fileRef = EECDA9D31A02407900E35C82 /* UIScrollView+TPKeyboardAvoidingAdditions.m */; };
		EECDA9DB1A0240B100E35C82 /* LMFixedTextView.m in Sources */ = {isa = PBXBuildFile; fileRef = EECDA9DA1A0240B100E35C82 /* LMFixedTextView.m */; };
		EECDA9EC1A0240B500E35C82 /* CALayer+ModalAlert.m in Sources */ = {isa = PBXBuildFile; fileRef = EECDA9DE1A0240B500E35C82 /* CALayer+ModalAlert.m */; };
		EECDA9ED1A0240B500E35C82 /* LMAlertView.m in Sources */ = {isa = PBXBuildFile; fileRef = EECDA9E01A0240B500E35C82 /* LMAlertView.m */; };
		EECDA9EE1A0240B500E35C82 /* LMEmbeddedViewController.m in Sources */ = {isa = PBXBuildFile; fileRef = EECDA9E21A0240B500E35C82 /* LMEmbeddedViewController.m */; };
		EECDA9EF1A0240B500E35C82 /* LMModalItemTableViewCell.m in Sources */ = {isa = PBXBuildFile; fileRef = EECDA9E41A0240B500E35C82 /* LMModalItemTableViewCell.m */; };
		EECDA9F01A0240B500E35C82 /* LMModalSegue.m in Sources */ = {isa = PBXBuildFile; fileRef = EECDA9E61A0240B500E35C82 /* LMModalSegue.m */; };
		EECDA9F11A0240B500E35C82 /* LMNavigationBar.m in Sources */ = {isa = PBXBuildFile; fileRef = EECDA9E81A0240B500E35C82 /* LMNavigationBar.m */; };
		EECDA9F21A0240B500E35C82 /* LMNavigationController.m in Sources */ = {isa = PBXBuildFile; fileRef = EECDA9EA1A0240B500E35C82 /* LMNavigationController.m */; };
		EECDA9F31A0240B500E35C82 /* Radial.png in Resources */ = {isa = PBXBuildFile; fileRef = EECDA9EB1A0240B500E35C82 /* Radial.png */; };
		EECDA9FD1A02419800E35C82 /* libc++.dylib in Frameworks */ = {isa = PBXBuildFile; fileRef = EECDA9FB1A02417200E35C82 /* libc++.dylib */; };
/* End PBXBuildFile section */

/* Begin PBXFileReference section */
		EE33B4FB1A1C94E70003854A /* IoTAirlinkConfigure.h */ = {isa = PBXFileReference; fileEncoding = 4; lastKnownFileType = sourcecode.c.h; path = IoTAirlinkConfigure.h; sourceTree = "<group>"; };
		EE33B4FC1A1C94E70003854A /* IoTAirlinkConfigure.m */ = {isa = PBXFileReference; fileEncoding = 4; lastKnownFileType = sourcecode.c.objc; path = IoTAirlinkConfigure.m; sourceTree = "<group>"; };
		EE33B4FD1A1C94E70003854A /* IoTAirlinkConfigure.xib */ = {isa = PBXFileReference; fileEncoding = 4; lastKnownFileType = file.xib; path = IoTAirlinkConfigure.xib; sourceTree = "<group>"; };
		EE33B4FF1A1C94E70003854A /* IoTDeviceAP.h */ = {isa = PBXFileReference; fileEncoding = 4; lastKnownFileType = sourcecode.c.h; path = IoTDeviceAP.h; sourceTree = "<group>"; };
		EE33B5001A1C94E70003854A /* IoTDeviceAP.m */ = {isa = PBXFileReference; fileEncoding = 4; lastKnownFileType = sourcecode.c.objc; path = IoTDeviceAP.m; sourceTree = "<group>"; };
		EE33B5011A1C94E70003854A /* IoTDeviceAP.xib */ = {isa = PBXFileReference; fileEncoding = 4; lastKnownFileType = file.xib; path = IoTDeviceAP.xib; sourceTree = "<group>"; };
		EE33B5021A1C94E70003854A /* IoTWaitForConfigureAP.h */ = {isa = PBXFileReference; fileEncoding = 4; lastKnownFileType = sourcecode.c.h; path = IoTWaitForConfigureAP.h; sourceTree = "<group>"; };
		EE33B5031A1C94E70003854A /* IoTWaitForConfigureAP.m */ = {isa = PBXFileReference; fileEncoding = 4; lastKnownFileType = sourcecode.c.objc; path = IoTWaitForConfigureAP.m; sourceTree = "<group>"; };
		EE33B5041A1C94E70003854A /* IoTWaitForConfigureAP.xib */ = {isa = PBXFileReference; fileEncoding = 4; lastKnownFileType = file.xib; path = IoTWaitForConfigureAP.xib; sourceTree = "<group>"; };
		EE45796B19F64B0F00E1E9DF /* gokit.app */ = {isa = PBXFileReference; explicitFileType = wrapper.application; includeInIndex = 0; path = gokit.app; sourceTree = BUILT_PRODUCTS_DIR; };
		EE45796F19F64B0F00E1E9DF /* Info.plist */ = {isa = PBXFileReference; lastKnownFileType = text.plist.xml; path = Info.plist; sourceTree = "<group>"; };
		EE45797019F64B0F00E1E9DF /* main.m */ = {isa = PBXFileReference; lastKnownFileType = sourcecode.c.objc; path = main.m; sourceTree = "<group>"; };
		EE45797219F64B0F00E1E9DF /* IoTAppDelegate.h */ = {isa = PBXFileReference; lastKnownFileType = sourcecode.c.h; path = IoTAppDelegate.h; sourceTree = "<group>"; };
		EE45797319F64B0F00E1E9DF /* IoTAppDelegate.m */ = {isa = PBXFileReference; lastKnownFileType = sourcecode.c.objc; path = IoTAppDelegate.m; sourceTree = "<group>"; };
		EE45797B19F64B0F00E1E9DF /* Images.xcassets */ = {isa = PBXFileReference; lastKnownFileType = folder.assetcatalog; path = Images.xcassets; sourceTree = "<group>"; };
		EE45799E19F650FE00E1E9DF /* IoTLogin.h */ = {isa = PBXFileReference; fileEncoding = 4; lastKnownFileType = sourcecode.c.h; path = IoTLogin.h; sourceTree = "<group>"; };
		EE45799F19F650FE00E1E9DF /* IoTLogin.m */ = {isa = PBXFileReference; fileEncoding = 4; lastKnownFileType = sourcecode.c.objc; path = IoTLogin.m; sourceTree = "<group>"; };
		EE4579A019F650FE00E1E9DF /* IoTLogin.xib */ = {isa = PBXFileReference; fileEncoding = 4; lastKnownFileType = file.xib; path = IoTLogin.xib; sourceTree = "<group>"; };
		EE4579A119F650FE00E1E9DF /* IoTRegister.h */ = {isa = PBXFileReference; fileEncoding = 4; lastKnownFileType = sourcecode.c.h; path = IoTRegister.h; sourceTree = "<group>"; };
		EE4579A219F650FE00E1E9DF /* IoTRegister.m */ = {isa = PBXFileReference; fileEncoding = 4; lastKnownFileType = sourcecode.c.objc; path = IoTRegister.m; sourceTree = "<group>"; };
		EE4579A319F650FE00E1E9DF /* IoTRegister.xib */ = {isa = PBXFileReference; fileEncoding = 4; lastKnownFileType = file.xib; path = IoTRegister.xib; sourceTree = "<group>"; };
		EE4579B619F6511500E1E9DF /* IoTCheckConnection.h */ = {isa = PBXFileReference; fileEncoding = 4; lastKnownFileType = sourcecode.c.h; path = IoTCheckConnection.h; sourceTree = "<group>"; };
		EE4579B719F6511500E1E9DF /* IoTCheckConnection.m */ = {isa = PBXFileReference; fileEncoding = 4; lastKnownFileType = sourcecode.c.objc; path = IoTCheckConnection.m; sourceTree = "<group>"; };
		EE4579B819F6511500E1E9DF /* IoTCheckConnection.xib */ = {isa = PBXFileReference; fileEncoding = 4; lastKnownFileType = file.xib; path = IoTCheckConnection.xib; sourceTree = "<group>"; };
		EE4579B919F6511500E1E9DF /* IoTNotReachable.h */ = {isa = PBXFileReference; fileEncoding = 4; lastKnownFileType = sourcecode.c.h; path = IoTNotReachable.h; sourceTree = "<group>"; };
		EE4579BA19F6511500E1E9DF /* IoTNotReachable.m */ = {isa = PBXFileReference; fileEncoding = 4; lastKnownFileType = sourcecode.c.objc; path = IoTNotReachable.m; sourceTree = "<group>"; };
		EE4579BB19F6511500E1E9DF /* IoTNotReachable.xib */ = {isa = PBXFileReference; fileEncoding = 4; lastKnownFileType = file.xib; path = IoTNotReachable.xib; sourceTree = "<group>"; };
		EE4579C119F6511C00E1E9DF /* IoTDeviceList.h */ = {isa = PBXFileReference; fileEncoding = 4; lastKnownFileType = sourcecode.c.h; path = IoTDeviceList.h; sourceTree = "<group>"; };
		EE4579C219F6511C00E1E9DF /* IoTDeviceList.m */ = {isa = PBXFileReference; fileEncoding = 4; lastKnownFileType = sourcecode.c.objc; path = IoTDeviceList.m; sourceTree = "<group>"; };
		EE4579C319F6511C00E1E9DF /* IoTDeviceList.xib */ = {isa = PBXFileReference; fileEncoding = 4; lastKnownFileType = file.xib; path = IoTDeviceList.xib; sourceTree = "<group>"; };
		EE4579CE19F6512400E1E9DF /* CAAnimation+Blocks.h */ = {isa = PBXFileReference; fileEncoding = 4; lastKnownFileType = sourcecode.c.h; path = "CAAnimation+Blocks.h"; sourceTree = "<group>"; };
		EE4579CF19F6512400E1E9DF /* CAAnimation+Blocks.m */ = {isa = PBXFileReference; fileEncoding = 4; lastKnownFileType = sourcecode.c.objc; path = "CAAnimation+Blocks.m"; sourceTree = "<group>"; };
		EE4579D019F6512400E1E9DF /* IoTDefinitions.h */ = {isa = PBXFileReference; fileEncoding = 4; lastKnownFileType = sourcecode.c.h; name = IoTDefinitions.h; path = Uitls/IoTDefinitions.h; sourceTree = "<group>"; };
		EE4579F019F6512700E1E9DF /* align.png */ = {isa = PBXFileReference; lastKnownFileType = image.png; path = align.png; sourceTree = "<group>"; };
		EE4579F119F6512700E1E9DF /* rssi_0@2x.png */ = {isa = PBXFileReference; lastKnownFileType = image.png; path = "rssi_0@2x.png"; sourceTree = "<group>"; };
		EE4579F219F6512700E1E9DF /* rssi_1@2x.png */ = {isa = PBXFileReference; lastKnownFileType = image.png; path = "rssi_1@2x.png"; sourceTree = "<group>"; };
		EE4579F319F6512700E1E9DF /* rssi_2@2x.png */ = {isa = PBXFileReference; lastKnownFileType = image.png; path = "rssi_2@2x.png"; sourceTree = "<group>"; };
		EE4579F419F6512700E1E9DF /* rssi_3@2x.png */ = {isa = PBXFileReference; lastKnownFileType = image.png; path = "rssi_3@2x.png"; sourceTree = "<group>"; };
		EE4579F519F6512700E1E9DF /* rssi_4@2x.png */ = {isa = PBXFileReference; lastKnownFileType = image.png; path = "rssi_4@2x.png"; sourceTree = "<group>"; };
		EE4579FC19F6544E00E1E9DF /* gokit.pch */ = {isa = PBXFileReference; lastKnownFileType = sourcecode.c.h; name = gokit.pch; path = Resource/gokit.pch; sourceTree = "<group>"; };
		EE6B62A11A1AED3100F08628 /* IoTWifiUtil.h */ = {isa = PBXFileReference; fileEncoding = 4; lastKnownFileType = sourcecode.c.h; path = IoTWifiUtil.h; sourceTree = "<group>"; };
		EE6B62A21A1AED3100F08628 /* IoTWifiUtil.m */ = {isa = PBXFileReference; fileEncoding = 4; lastKnownFileType = sourcecode.c.objc; path = IoTWifiUtil.m; sourceTree = "<group>"; };
		EE6B62A41A1AF5A000F08628 /* data.json */ = {isa = PBXFileReference; fileEncoding = 4; lastKnownFileType = text.json; path = data.json; sourceTree = "<group>"; };
		EE7D6D8019FE38CD0035DB51 /* IoTDeviceBoolCell.h */ = {isa = PBXFileReference; fileEncoding = 4; lastKnownFileType = sourcecode.c.h; path = IoTDeviceBoolCell.h; sourceTree = "<group>"; };
		EE7D6D8119FE38CD0035DB51 /* IoTDeviceBoolCell.m */ = {isa = PBXFileReference; fileEncoding = 4; lastKnownFileType = sourcecode.c.objc; path = IoTDeviceBoolCell.m; sourceTree = "<group>"; };
		EE7D6D8219FE38CD0035DB51 /* IoTDeviceBoolCell.xib */ = {isa = PBXFileReference; fileEncoding = 4; lastKnownFileType = file.xib; path = IoTDeviceBoolCell.xib; sourceTree = "<group>"; };
		EE7D6D8519FE38EB0035DB51 /* IoTDeviceEnumCell.h */ = {isa = PBXFileReference; fileEncoding = 4; lastKnownFileType = sourcecode.c.h; path = IoTDeviceEnumCell.h; sourceTree = "<group>"; };
		EE7D6D8619FE38EB0035DB51 /* IoTDeviceEnumCell.m */ = {isa = PBXFileReference; fileEncoding = 4; lastKnownFileType = sourcecode.c.objc; path = IoTDeviceEnumCell.m; sourceTree = "<group>"; };
		EE7D6D8719FE38EB0035DB51 /* IoTDeviceEnumCell.xib */ = {isa = PBXFileReference; fileEncoding = 4; lastKnownFileType = file.xib; path = IoTDeviceEnumCell.xib; sourceTree = "<group>"; };
		EE7D6D8C19FE3DAD0035DB51 /* IoTDeviceEnumSelection.h */ = {isa = PBXFileReference; fileEncoding = 4; lastKnownFileType = sourcecode.c.h; path = IoTDeviceEnumSelection.h; sourceTree = "<group>"; };
		EE7D6D8D19FE3DAD0035DB51 /* IoTDeviceEnumSelection.m */ = {isa = PBXFileReference; fileEncoding = 4; lastKnownFileType = sourcecode.c.objc; path = IoTDeviceEnumSelection.m; sourceTree = "<group>"; };
		EE7D6D8E19FE3DAD0035DB51 /* IoTDeviceEnumSelection.xib */ = {isa = PBXFileReference; fileEncoding = 4; lastKnownFileType = file.xib; path = IoTDeviceEnumSelection.xib; sourceTree = "<group>"; };
		EE86C68719F749EF00F661AB /* IoTDeviceController.h */ = {isa = PBXFileReference; fileEncoding = 4; lastKnownFileType = sourcecode.c.h; path = IoTDeviceController.h; sourceTree = "<group>"; };
		EE86C68819F749EF00F661AB /* IoTDeviceController.m */ = {isa = PBXFileReference; fileEncoding = 4; lastKnownFileType = sourcecode.c.objc; path = IoTDeviceController.m; sourceTree = "<group>"; };
		EE86C68919F749EF00F661AB /* IoTDeviceController.xib */ = {isa = PBXFileReference; fileEncoding = 4; lastKnownFileType = file.xib; path = IoTDeviceController.xib; sourceTree = "<group>"; };
		EE86C68E19F7928000F661AB /* IoTDeviceSliderCell.h */ = {isa = PBXFileReference; fileEncoding = 4; lastKnownFileType = sourcecode.c.h; path = IoTDeviceSliderCell.h; sourceTree = "<group>"; };
		EE86C68F19F7928000F661AB /* IoTDeviceSliderCell.m */ = {isa = PBXFileReference; fileEncoding = 4; lastKnownFileType = sourcecode.c.objc; path = IoTDeviceSliderCell.m; sourceTree = "<group>"; };
		EE86C69019F7928000F661AB /* IoTDeviceSliderCell.xib */ = {isa = PBXFileReference; fileEncoding = 4; lastKnownFileType = file.xib; path = IoTDeviceSliderCell.xib; sourceTree = "<group>"; };
		EE86C69319F7929800F661AB /* IoTDeviceLabelCell.h */ = {isa = PBXFileReference; fileEncoding = 4; lastKnownFileType = sourcecode.c.h; path = IoTDeviceLabelCell.h; sourceTree = "<group>"; };
		EE86C69419F7929800F661AB /* IoTDeviceLabelCell.m */ = {isa = PBXFileReference; fileEncoding = 4; lastKnownFileType = sourcecode.c.objc; path = IoTDeviceLabelCell.m; sourceTree = "<group>"; };
		EE86C69519F7929800F661AB /* IoTDeviceLabelCell.xib */ = {isa = PBXFileReference; fileEncoding = 4; lastKnownFileType = file.xib; path = IoTDeviceLabelCell.xib; sourceTree = "<group>"; };
		EECDA9381A023F0800E35C82 /* AFHTTPRequestOperation.h */ = {isa = PBXFileReference; fileEncoding = 4; lastKnownFileType = sourcecode.c.h; path = AFHTTPRequestOperation.h; sourceTree = "<group>"; };
		EECDA9391A023F0800E35C82 /* AFHTTPRequestOperation.m */ = {isa = PBXFileReference; fileEncoding = 4; lastKnownFileType = sourcecode.c.objc; path = AFHTTPRequestOperation.m; sourceTree = "<group>"; };
		EECDA93A1A023F0800E35C82 /* AFHTTPRequestOperationManager.h */ = {isa = PBXFileReference; fileEncoding = 4; lastKnownFileType = sourcecode.c.h; path = AFHTTPRequestOperationManager.h; sourceTree = "<group>"; };
		EECDA93B1A023F0800E35C82 /* AFHTTPRequestOperationManager.m */ = {isa = PBXFileReference; fileEncoding = 4; lastKnownFileType = sourcecode.c.objc; path = AFHTTPRequestOperationManager.m; sourceTree = "<group>"; };
		EECDA93C1A023F0800E35C82 /* AFHTTPSessionManager.h */ = {isa = PBXFileReference; fileEncoding = 4; lastKnownFileType = sourcecode.c.h; path = AFHTTPSessionManager.h; sourceTree = "<group>"; };
		EECDA93D1A023F0800E35C82 /* AFHTTPSessionManager.m */ = {isa = PBXFileReference; fileEncoding = 4; lastKnownFileType = sourcecode.c.objc; path = AFHTTPSessionManager.m; sourceTree = "<group>"; };
		EECDA93E1A023F0800E35C82 /* AFNetworking.h */ = {isa = PBXFileReference; fileEncoding = 4; lastKnownFileType = sourcecode.c.h; path = AFNetworking.h; sourceTree = "<group>"; };
		EECDA93F1A023F0800E35C82 /* AFNetworkReachabilityManager.h */ = {isa = PBXFileReference; fileEncoding = 4; lastKnownFileType = sourcecode.c.h; path = AFNetworkReachabilityManager.h; sourceTree = "<group>"; };
		EECDA9401A023F0800E35C82 /* AFNetworkReachabilityManager.m */ = {isa = PBXFileReference; fileEncoding = 4; lastKnownFileType = sourcecode.c.objc; path = AFNetworkReachabilityManager.m; sourceTree = "<group>"; };
		EECDA9411A023F0800E35C82 /* AFSecurityPolicy.h */ = {isa = PBXFileReference; fileEncoding = 4; lastKnownFileType = sourcecode.c.h; path = AFSecurityPolicy.h; sourceTree = "<group>"; };
		EECDA9421A023F0800E35C82 /* AFSecurityPolicy.m */ = {isa = PBXFileReference; fileEncoding = 4; lastKnownFileType = sourcecode.c.objc; path = AFSecurityPolicy.m; sourceTree = "<group>"; };
		EECDA9431A023F0800E35C82 /* AFURLConnectionOperation.h */ = {isa = PBXFileReference; fileEncoding = 4; lastKnownFileType = sourcecode.c.h; path = AFURLConnectionOperation.h; sourceTree = "<group>"; };
		EECDA9441A023F0800E35C82 /* AFURLConnectionOperation.m */ = {isa = PBXFileReference; fileEncoding = 4; lastKnownFileType = sourcecode.c.objc; path = AFURLConnectionOperation.m; sourceTree = "<group>"; };
		EECDA9451A023F0800E35C82 /* AFURLRequestSerialization.h */ = {isa = PBXFileReference; fileEncoding = 4; lastKnownFileType = sourcecode.c.h; path = AFURLRequestSerialization.h; sourceTree = "<group>"; };
		EECDA9461A023F0800E35C82 /* AFURLRequestSerialization.m */ = {isa = PBXFileReference; fileEncoding = 4; lastKnownFileType = sourcecode.c.objc; path = AFURLRequestSerialization.m; sourceTree = "<group>"; };
		EECDA9471A023F0800E35C82 /* AFURLResponseSerialization.h */ = {isa = PBXFileReference; fileEncoding = 4; lastKnownFileType = sourcecode.c.h; path = AFURLResponseSerialization.h; sourceTree = "<group>"; };
		EECDA9481A023F0800E35C82 /* AFURLResponseSerialization.m */ = {isa = PBXFileReference; fileEncoding = 4; lastKnownFileType = sourcecode.c.objc; path = AFURLResponseSerialization.m; sourceTree = "<group>"; };
		EECDA9491A023F0800E35C82 /* AFURLSessionManager.h */ = {isa = PBXFileReference; fileEncoding = 4; lastKnownFileType = sourcecode.c.h; path = AFURLSessionManager.h; sourceTree = "<group>"; };
		EECDA94A1A023F0800E35C82 /* AFURLSessionManager.m */ = {isa = PBXFileReference; fileEncoding = 4; lastKnownFileType = sourcecode.c.objc; path = AFURLSessionManager.m; sourceTree = "<group>"; };
		EECDA94C1A023F0800E35C82 /* AFNetworkActivityIndicatorManager.h */ = {isa = PBXFileReference; fileEncoding = 4; lastKnownFileType = sourcecode.c.h; path = AFNetworkActivityIndicatorManager.h; sourceTree = "<group>"; };
		EECDA94D1A023F0800E35C82 /* AFNetworkActivityIndicatorManager.m */ = {isa = PBXFileReference; fileEncoding = 4; lastKnownFileType = sourcecode.c.objc; path = AFNetworkActivityIndicatorManager.m; sourceTree = "<group>"; };
		EECDA94E1A023F0800E35C82 /* UIActivityIndicatorView+AFNetworking.h */ = {isa = PBXFileReference; fileEncoding = 4; lastKnownFileType = sourcecode.c.h; path = "UIActivityIndicatorView+AFNetworking.h"; sourceTree = "<group>"; };
		EECDA94F1A023F0800E35C82 /* UIActivityIndicatorView+AFNetworking.m */ = {isa = PBXFileReference; fileEncoding = 4; lastKnownFileType = sourcecode.c.objc; path = "UIActivityIndicatorView+AFNetworking.m"; sourceTree = "<group>"; };
		EECDA9501A023F0800E35C82 /* UIAlertView+AFNetworking.h */ = {isa = PBXFileReference; fileEncoding = 4; lastKnownFileType = sourcecode.c.h; path = "UIAlertView+AFNetworking.h"; sourceTree = "<group>"; };
		EECDA9511A023F0800E35C82 /* UIAlertView+AFNetworking.m */ = {isa = PBXFileReference; fileEncoding = 4; lastKnownFileType = sourcecode.c.objc; path = "UIAlertView+AFNetworking.m"; sourceTree = "<group>"; };
		EECDA9521A023F0800E35C82 /* UIButton+AFNetworking.h */ = {isa = PBXFileReference; fileEncoding = 4; lastKnownFileType = sourcecode.c.h; path = "UIButton+AFNetworking.h"; sourceTree = "<group>"; };
		EECDA9531A023F0800E35C82 /* UIButton+AFNetworking.m */ = {isa = PBXFileReference; fileEncoding = 4; lastKnownFileType = sourcecode.c.objc; path = "UIButton+AFNetworking.m"; sourceTree = "<group>"; };
		EECDA9541A023F0800E35C82 /* UIImageView+AFNetworking.h */ = {isa = PBXFileReference; fileEncoding = 4; lastKnownFileType = sourcecode.c.h; path = "UIImageView+AFNetworking.h"; sourceTree = "<group>"; };
		EECDA9551A023F0800E35C82 /* UIImageView+AFNetworking.m */ = {isa = PBXFileReference; fileEncoding = 4; lastKnownFileType = sourcecode.c.objc; path = "UIImageView+AFNetworking.m"; sourceTree = "<group>"; };
		EECDA9561A023F0800E35C82 /* UIKit+AFNetworking.h */ = {isa = PBXFileReference; fileEncoding = 4; lastKnownFileType = sourcecode.c.h; path = "UIKit+AFNetworking.h"; sourceTree = "<group>"; };
		EECDA9571A023F0800E35C82 /* UIProgressView+AFNetworking.h */ = {isa = PBXFileReference; fileEncoding = 4; lastKnownFileType = sourcecode.c.h; path = "UIProgressView+AFNetworking.h"; sourceTree = "<group>"; };
		EECDA9581A023F0800E35C82 /* UIProgressView+AFNetworking.m */ = {isa = PBXFileReference; fileEncoding = 4; lastKnownFileType = sourcecode.c.objc; path = "UIProgressView+AFNetworking.m"; sourceTree = "<group>"; };
		EECDA9591A023F0800E35C82 /* UIRefreshControl+AFNetworking.h */ = {isa = PBXFileReference; fileEncoding = 4; lastKnownFileType = sourcecode.c.h; path = "UIRefreshControl+AFNetworking.h"; sourceTree = "<group>"; };
		EECDA95A1A023F0800E35C82 /* UIRefreshControl+AFNetworking.m */ = {isa = PBXFileReference; fileEncoding = 4; lastKnownFileType = sourcecode.c.objc; path = "UIRefreshControl+AFNetworking.m"; sourceTree = "<group>"; };
		EECDA95B1A023F0800E35C82 /* UIWebView+AFNetworking.h */ = {isa = PBXFileReference; fileEncoding = 4; lastKnownFileType = sourcecode.c.h; path = "UIWebView+AFNetworking.h"; sourceTree = "<group>"; };
		EECDA95C1A023F0800E35C82 /* UIWebView+AFNetworking.m */ = {isa = PBXFileReference; fileEncoding = 4; lastKnownFileType = sourcecode.c.objc; path = "UIWebView+AFNetworking.m"; sourceTree = "<group>"; };
		EECDA96F1A023FAB00E35C82 /* XPGWifiSDK.framework */ = {isa = PBXFileReference; lastKnownFileType = wrapper.framework; path = XPGWifiSDK.framework; sourceTree = "<group>"; };
		EECDA9721A023FBC00E35C82 /* MBProgressHUD.h */ = {isa = PBXFileReference; fileEncoding = 4; lastKnownFileType = sourcecode.c.h; path = MBProgressHUD.h; sourceTree = "<group>"; };
		EECDA9731A023FBC00E35C82 /* MBProgressHUD.m */ = {isa = PBXFileReference; fileEncoding = 4; lastKnownFileType = sourcecode.c.objc; path = MBProgressHUD.m; sourceTree = "<group>"; };
		EECDA9761A02402F00E35C82 /* iToast.h */ = {isa = PBXFileReference; fileEncoding = 4; lastKnownFileType = sourcecode.c.h; path = iToast.h; sourceTree = "<group>"; };
		EECDA9771A02402F00E35C82 /* iToast.m */ = {isa = PBXFileReference; fileEncoding = 4; lastKnownFileType = sourcecode.c.objc; path = iToast.m; sourceTree = "<group>"; };
		EECDA97B1A02406100E35C82 /* aes.h */ = {isa = PBXFileReference; fileEncoding = 4; lastKnownFileType = sourcecode.c.h; path = aes.h; sourceTree = "<group>"; };
		EECDA97C1A02406100E35C82 /* asn1.h */ = {isa = PBXFileReference; fileEncoding = 4; lastKnownFileType = sourcecode.c.h; path = asn1.h; sourceTree = "<group>"; };
		EECDA97D1A02406100E35C82 /* asn1_mac.h */ = {isa = PBXFileReference; fileEncoding = 4; lastKnownFileType = sourcecode.c.h; path = asn1_mac.h; sourceTree = "<group>"; };
		EECDA97E1A02406100E35C82 /* asn1t.h */ = {isa = PBXFileReference; fileEncoding = 4; lastKnownFileType = sourcecode.c.h; path = asn1t.h; sourceTree = "<group>"; };
		EECDA97F1A02406100E35C82 /* bio.h */ = {isa = PBXFileReference; fileEncoding = 4; lastKnownFileType = sourcecode.c.h; path = bio.h; sourceTree = "<group>"; };
		EECDA9801A02406100E35C82 /* blowfish.h */ = {isa = PBXFileReference; fileEncoding = 4; lastKnownFileType = sourcecode.c.h; path = blowfish.h; sourceTree = "<group>"; };
		EECDA9811A02406100E35C82 /* bn.h */ = {isa = PBXFileReference; fileEncoding = 4; lastKnownFileType = sourcecode.c.h; path = bn.h; sourceTree = "<group>"; };
		EECDA9821A02406100E35C82 /* buffer.h */ = {isa = PBXFileReference; fileEncoding = 4; lastKnownFileType = sourcecode.c.h; path = buffer.h; sourceTree = "<group>"; };
		EECDA9831A02406100E35C82 /* camellia.h */ = {isa = PBXFileReference; fileEncoding = 4; lastKnownFileType = sourcecode.c.h; path = camellia.h; sourceTree = "<group>"; };
		EECDA9841A02406100E35C82 /* cast.h */ = {isa = PBXFileReference; fileEncoding = 4; lastKnownFileType = sourcecode.c.h; path = cast.h; sourceTree = "<group>"; };
		EECDA9851A02406100E35C82 /* cmac.h */ = {isa = PBXFileReference; fileEncoding = 4; lastKnownFileType = sourcecode.c.h; path = cmac.h; sourceTree = "<group>"; };
		EECDA9861A02406100E35C82 /* cms.h */ = {isa = PBXFileReference; fileEncoding = 4; lastKnownFileType = sourcecode.c.h; path = cms.h; sourceTree = "<group>"; };
		EECDA9871A02406100E35C82 /* comp.h */ = {isa = PBXFileReference; fileEncoding = 4; lastKnownFileType = sourcecode.c.h; path = comp.h; sourceTree = "<group>"; };
		EECDA9881A02406100E35C82 /* conf.h */ = {isa = PBXFileReference; fileEncoding = 4; lastKnownFileType = sourcecode.c.h; path = conf.h; sourceTree = "<group>"; };
		EECDA9891A02406100E35C82 /* conf_api.h */ = {isa = PBXFileReference; fileEncoding = 4; lastKnownFileType = sourcecode.c.h; path = conf_api.h; sourceTree = "<group>"; };
		EECDA98A1A02406100E35C82 /* crypto.h */ = {isa = PBXFileReference; fileEncoding = 4; lastKnownFileType = sourcecode.c.h; path = crypto.h; sourceTree = "<group>"; };
		EECDA98B1A02406100E35C82 /* des.h */ = {isa = PBXFileReference; fileEncoding = 4; lastKnownFileType = sourcecode.c.h; path = des.h; sourceTree = "<group>"; };
		EECDA98C1A02406100E35C82 /* des_old.h */ = {isa = PBXFileReference; fileEncoding = 4; lastKnownFileType = sourcecode.c.h; path = des_old.h; sourceTree = "<group>"; };
		EECDA98D1A02406100E35C82 /* dh.h */ = {isa = PBXFileReference; fileEncoding = 4; lastKnownFileType = sourcecode.c.h; path = dh.h; sourceTree = "<group>"; };
		EECDA98E1A02406100E35C82 /* dsa.h */ = {isa = PBXFileReference; fileEncoding = 4; lastKnownFileType = sourcecode.c.h; path = dsa.h; sourceTree = "<group>"; };
		EECDA98F1A02406100E35C82 /* dso.h */ = {isa = PBXFileReference; fileEncoding = 4; lastKnownFileType = sourcecode.c.h; path = dso.h; sourceTree = "<group>"; };
		EECDA9901A02406100E35C82 /* dtls1.h */ = {isa = PBXFileReference; fileEncoding = 4; lastKnownFileType = sourcecode.c.h; path = dtls1.h; sourceTree = "<group>"; };
		EECDA9911A02406100E35C82 /* e_os2.h */ = {isa = PBXFileReference; fileEncoding = 4; lastKnownFileType = sourcecode.c.h; path = e_os2.h; sourceTree = "<group>"; };
		EECDA9921A02406100E35C82 /* ebcdic.h */ = {isa = PBXFileReference; fileEncoding = 4; lastKnownFileType = sourcecode.c.h; path = ebcdic.h; sourceTree = "<group>"; };
		EECDA9931A02406100E35C82 /* ec.h */ = {isa = PBXFileReference; fileEncoding = 4; lastKnownFileType = sourcecode.c.h; path = ec.h; sourceTree = "<group>"; };
		EECDA9941A02406100E35C82 /* ecdh.h */ = {isa = PBXFileReference; fileEncoding = 4; lastKnownFileType = sourcecode.c.h; path = ecdh.h; sourceTree = "<group>"; };
		EECDA9951A02406100E35C82 /* ecdsa.h */ = {isa = PBXFileReference; fileEncoding = 4; lastKnownFileType = sourcecode.c.h; path = ecdsa.h; sourceTree = "<group>"; };
		EECDA9961A02406100E35C82 /* engine.h */ = {isa = PBXFileReference; fileEncoding = 4; lastKnownFileType = sourcecode.c.h; path = engine.h; sourceTree = "<group>"; };
		EECDA9971A02406100E35C82 /* err.h */ = {isa = PBXFileReference; fileEncoding = 4; lastKnownFileType = sourcecode.c.h; path = err.h; sourceTree = "<group>"; };
		EECDA9981A02406100E35C82 /* evp.h */ = {isa = PBXFileReference; fileEncoding = 4; lastKnownFileType = sourcecode.c.h; path = evp.h; sourceTree = "<group>"; };
		EECDA9991A02406100E35C82 /* hmac.h */ = {isa = PBXFileReference; fileEncoding = 4; lastKnownFileType = sourcecode.c.h; path = hmac.h; sourceTree = "<group>"; };
		EECDA99A1A02406100E35C82 /* idea.h */ = {isa = PBXFileReference; fileEncoding = 4; lastKnownFileType = sourcecode.c.h; path = idea.h; sourceTree = "<group>"; };
		EECDA99B1A02406100E35C82 /* krb5_asn.h */ = {isa = PBXFileReference; fileEncoding = 4; lastKnownFileType = sourcecode.c.h; path = krb5_asn.h; sourceTree = "<group>"; };
		EECDA99C1A02406100E35C82 /* kssl.h */ = {isa = PBXFileReference; fileEncoding = 4; lastKnownFileType = sourcecode.c.h; path = kssl.h; sourceTree = "<group>"; };
		EECDA99D1A02406100E35C82 /* lhash.h */ = {isa = PBXFileReference; fileEncoding = 4; lastKnownFileType = sourcecode.c.h; path = lhash.h; sourceTree = "<group>"; };
		EECDA99E1A02406100E35C82 /* md4.h */ = {isa = PBXFileReference; fileEncoding = 4; lastKnownFileType = sourcecode.c.h; path = md4.h; sourceTree = "<group>"; };
		EECDA99F1A02406100E35C82 /* md5.h */ = {isa = PBXFileReference; fileEncoding = 4; lastKnownFileType = sourcecode.c.h; path = md5.h; sourceTree = "<group>"; };
		EECDA9A01A02406100E35C82 /* mdc2.h */ = {isa = PBXFileReference; fileEncoding = 4; lastKnownFileType = sourcecode.c.h; path = mdc2.h; sourceTree = "<group>"; };
		EECDA9A11A02406100E35C82 /* modes.h */ = {isa = PBXFileReference; fileEncoding = 4; lastKnownFileType = sourcecode.c.h; path = modes.h; sourceTree = "<group>"; };
		EECDA9A21A02406100E35C82 /* obj_mac.h */ = {isa = PBXFileReference; fileEncoding = 4; lastKnownFileType = sourcecode.c.h; path = obj_mac.h; sourceTree = "<group>"; };
		EECDA9A31A02406100E35C82 /* objects.h */ = {isa = PBXFileReference; fileEncoding = 4; lastKnownFileType = sourcecode.c.h; path = objects.h; sourceTree = "<group>"; };
		EECDA9A41A02406100E35C82 /* ocsp.h */ = {isa = PBXFileReference; fileEncoding = 4; lastKnownFileType = sourcecode.c.h; path = ocsp.h; sourceTree = "<group>"; };
		EECDA9A51A02406100E35C82 /* opensslconf.h */ = {isa = PBXFileReference; fileEncoding = 4; lastKnownFileType = sourcecode.c.h; path = opensslconf.h; sourceTree = "<group>"; };
		EECDA9A61A02406100E35C82 /* opensslv.h */ = {isa = PBXFileReference; fileEncoding = 4; lastKnownFileType = sourcecode.c.h; path = opensslv.h; sourceTree = "<group>"; };
		EECDA9A71A02406100E35C82 /* ossl_typ.h */ = {isa = PBXFileReference; fileEncoding = 4; lastKnownFileType = sourcecode.c.h; path = ossl_typ.h; sourceTree = "<group>"; };
		EECDA9A81A02406100E35C82 /* pem.h */ = {isa = PBXFileReference; fileEncoding = 4; lastKnownFileType = sourcecode.c.h; path = pem.h; sourceTree = "<group>"; };
		EECDA9A91A02406100E35C82 /* pem2.h */ = {isa = PBXFileReference; fileEncoding = 4; lastKnownFileType = sourcecode.c.h; path = pem2.h; sourceTree = "<group>"; };
		EECDA9AA1A02406100E35C82 /* pkcs12.h */ = {isa = PBXFileReference; fileEncoding = 4; lastKnownFileType = sourcecode.c.h; path = pkcs12.h; sourceTree = "<group>"; };
		EECDA9AB1A02406100E35C82 /* pkcs7.h */ = {isa = PBXFileReference; fileEncoding = 4; lastKnownFileType = sourcecode.c.h; path = pkcs7.h; sourceTree = "<group>"; };
		EECDA9AC1A02406100E35C82 /* pqueue.h */ = {isa = PBXFileReference; fileEncoding = 4; lastKnownFileType = sourcecode.c.h; path = pqueue.h; sourceTree = "<group>"; };
		EECDA9AD1A02406100E35C82 /* rand.h */ = {isa = PBXFileReference; fileEncoding = 4; lastKnownFileType = sourcecode.c.h; path = rand.h; sourceTree = "<group>"; };
		EECDA9AE1A02406100E35C82 /* rc2.h */ = {isa = PBXFileReference; fileEncoding = 4; lastKnownFileType = sourcecode.c.h; path = rc2.h; sourceTree = "<group>"; };
		EECDA9AF1A02406100E35C82 /* rc4.h */ = {isa = PBXFileReference; fileEncoding = 4; lastKnownFileType = sourcecode.c.h; path = rc4.h; sourceTree = "<group>"; };
		EECDA9B01A02406100E35C82 /* ripemd.h */ = {isa = PBXFileReference; fileEncoding = 4; lastKnownFileType = sourcecode.c.h; path = ripemd.h; sourceTree = "<group>"; };
		EECDA9B11A02406100E35C82 /* rsa.h */ = {isa = PBXFileReference; fileEncoding = 4; lastKnownFileType = sourcecode.c.h; path = rsa.h; sourceTree = "<group>"; };
		EECDA9B21A02406100E35C82 /* safestack.h */ = {isa = PBXFileReference; fileEncoding = 4; lastKnownFileType = sourcecode.c.h; path = safestack.h; sourceTree = "<group>"; };
		EECDA9B31A02406100E35C82 /* seed.h */ = {isa = PBXFileReference; fileEncoding = 4; lastKnownFileType = sourcecode.c.h; path = seed.h; sourceTree = "<group>"; };
		EECDA9B41A02406100E35C82 /* sha.h */ = {isa = PBXFileReference; fileEncoding = 4; lastKnownFileType = sourcecode.c.h; path = sha.h; sourceTree = "<group>"; };
		EECDA9B51A02406100E35C82 /* srp.h */ = {isa = PBXFileReference; fileEncoding = 4; lastKnownFileType = sourcecode.c.h; path = srp.h; sourceTree = "<group>"; };
		EECDA9B61A02406100E35C82 /* srtp.h */ = {isa = PBXFileReference; fileEncoding = 4; lastKnownFileType = sourcecode.c.h; path = srtp.h; sourceTree = "<group>"; };
		EECDA9B71A02406100E35C82 /* ssl.h */ = {isa = PBXFileReference; fileEncoding = 4; lastKnownFileType = sourcecode.c.h; path = ssl.h; sourceTree = "<group>"; };
		EECDA9B81A02406100E35C82 /* ssl2.h */ = {isa = PBXFileReference; fileEncoding = 4; lastKnownFileType = sourcecode.c.h; path = ssl2.h; sourceTree = "<group>"; };
		EECDA9B91A02406100E35C82 /* ssl23.h */ = {isa = PBXFileReference; fileEncoding = 4; lastKnownFileType = sourcecode.c.h; path = ssl23.h; sourceTree = "<group>"; };
		EECDA9BA1A02406100E35C82 /* ssl3.h */ = {isa = PBXFileReference; fileEncoding = 4; lastKnownFileType = sourcecode.c.h; path = ssl3.h; sourceTree = "<group>"; };
		EECDA9BB1A02406100E35C82 /* stack.h */ = {isa = PBXFileReference; fileEncoding = 4; lastKnownFileType = sourcecode.c.h; path = stack.h; sourceTree = "<group>"; };
		EECDA9BC1A02406100E35C82 /* symhacks.h */ = {isa = PBXFileReference; fileEncoding = 4; lastKnownFileType = sourcecode.c.h; path = symhacks.h; sourceTree = "<group>"; };
		EECDA9BD1A02406100E35C82 /* tls1.h */ = {isa = PBXFileReference; fileEncoding = 4; lastKnownFileType = sourcecode.c.h; path = tls1.h; sourceTree = "<group>"; };
		EECDA9BE1A02406100E35C82 /* ts.h */ = {isa = PBXFileReference; fileEncoding = 4; lastKnownFileType = sourcecode.c.h; path = ts.h; sourceTree = "<group>"; };
		EECDA9BF1A02406100E35C82 /* txt_db.h */ = {isa = PBXFileReference; fileEncoding = 4; lastKnownFileType = sourcecode.c.h; path = txt_db.h; sourceTree = "<group>"; };
		EECDA9C01A02406100E35C82 /* ui.h */ = {isa = PBXFileReference; fileEncoding = 4; lastKnownFileType = sourcecode.c.h; path = ui.h; sourceTree = "<group>"; };
		EECDA9C11A02406100E35C82 /* ui_compat.h */ = {isa = PBXFileReference; fileEncoding = 4; lastKnownFileType = sourcecode.c.h; path = ui_compat.h; sourceTree = "<group>"; };
		EECDA9C21A02406100E35C82 /* whrlpool.h */ = {isa = PBXFileReference; fileEncoding = 4; lastKnownFileType = sourcecode.c.h; path = whrlpool.h; sourceTree = "<group>"; };
		EECDA9C31A02406100E35C82 /* x509.h */ = {isa = PBXFileReference; fileEncoding = 4; lastKnownFileType = sourcecode.c.h; path = x509.h; sourceTree = "<group>"; };
		EECDA9C41A02406100E35C82 /* x509_vfy.h */ = {isa = PBXFileReference; fileEncoding = 4; lastKnownFileType = sourcecode.c.h; path = x509_vfy.h; sourceTree = "<group>"; };
		EECDA9C51A02406100E35C82 /* x509v3.h */ = {isa = PBXFileReference; fileEncoding = 4; lastKnownFileType = sourcecode.c.h; path = x509v3.h; sourceTree = "<group>"; };
		EECDA9C71A02406100E35C82 /* libcrypto.a */ = {isa = PBXFileReference; lastKnownFileType = archive.ar; path = libcrypto.a; sourceTree = "<group>"; };
		EECDA9C81A02406100E35C82 /* libssl.a */ = {isa = PBXFileReference; lastKnownFileType = archive.ar; path = libssl.a; sourceTree = "<group>"; };
		EECDA9CC1A02407900E35C82 /* TPKeyboardAvoidingCollectionView.h */ = {isa = PBXFileReference; fileEncoding = 4; lastKnownFileType = sourcecode.c.h; path = TPKeyboardAvoidingCollectionView.h; sourceTree = "<group>"; };
		EECDA9CD1A02407900E35C82 /* TPKeyboardAvoidingCollectionView.m */ = {isa = PBXFileReference; fileEncoding = 4; lastKnownFileType = sourcecode.c.objc; path = TPKeyboardAvoidingCollectionView.m; sourceTree = "<group>"; };
		EECDA9CE1A02407900E35C82 /* TPKeyboardAvoidingScrollView.h */ = {isa = PBXFileReference; fileEncoding = 4; lastKnownFileType = sourcecode.c.h; path = TPKeyboardAvoidingScrollView.h; sourceTree = "<group>"; };
		EECDA9CF1A02407900E35C82 /* TPKeyboardAvoidingScrollView.m */ = {isa = PBXFileReference; fileEncoding = 4; lastKnownFileType = sourcecode.c.objc; path = TPKeyboardAvoidingScrollView.m; sourceTree = "<group>"; };
		EECDA9D01A02407900E35C82 /* TPKeyboardAvoidingTableView.h */ = {isa = PBXFileReference; fileEncoding = 4; lastKnownFileType = sourcecode.c.h; path = TPKeyboardAvoidingTableView.h; sourceTree = "<group>"; };
		EECDA9D11A02407900E35C82 /* TPKeyboardAvoidingTableView.m */ = {isa = PBXFileReference; fileEncoding = 4; lastKnownFileType = sourcecode.c.objc; path = TPKeyboardAvoidingTableView.m; sourceTree = "<group>"; };
		EECDA9D21A02407900E35C82 /* UIScrollView+TPKeyboardAvoidingAdditions.h */ = {isa = PBXFileReference; fileEncoding = 4; lastKnownFileType = sourcecode.c.h; path = "UIScrollView+TPKeyboardAvoidingAdditions.h"; sourceTree = "<group>"; };
		EECDA9D31A02407900E35C82 /* UIScrollView+TPKeyboardAvoidingAdditions.m */ = {isa = PBXFileReference; fileEncoding = 4; lastKnownFileType = sourcecode.c.objc; path = "UIScrollView+TPKeyboardAvoidingAdditions.m"; sourceTree = "<group>"; };
		EECDA9D91A0240B100E35C82 /* LMFixedTextView.h */ = {isa = PBXFileReference; fileEncoding = 4; lastKnownFileType = sourcecode.c.h; path = LMFixedTextView.h; sourceTree = "<group>"; };
		EECDA9DA1A0240B100E35C82 /* LMFixedTextView.m */ = {isa = PBXFileReference; fileEncoding = 4; lastKnownFileType = sourcecode.c.objc; path = LMFixedTextView.m; sourceTree = "<group>"; };
		EECDA9DD1A0240B500E35C82 /* CALayer+ModalAlert.h */ = {isa = PBXFileReference; fileEncoding = 4; lastKnownFileType = sourcecode.c.h; path = "CALayer+ModalAlert.h"; sourceTree = "<group>"; };
		EECDA9DE1A0240B500E35C82 /* CALayer+ModalAlert.m */ = {isa = PBXFileReference; fileEncoding = 4; lastKnownFileType = sourcecode.c.objc; path = "CALayer+ModalAlert.m"; sourceTree = "<group>"; };
		EECDA9DF1A0240B500E35C82 /* LMAlertView.h */ = {isa = PBXFileReference; fileEncoding = 4; lastKnownFileType = sourcecode.c.h; path = LMAlertView.h; sourceTree = "<group>"; };
		EECDA9E01A0240B500E35C82 /* LMAlertView.m */ = {isa = PBXFileReference; fileEncoding = 4; lastKnownFileType = sourcecode.c.objc; path = LMAlertView.m; sourceTree = "<group>"; };
		EECDA9E11A0240B500E35C82 /* LMEmbeddedViewController.h */ = {isa = PBXFileReference; fileEncoding = 4; lastKnownFileType = sourcecode.c.h; path = LMEmbeddedViewController.h; sourceTree = "<group>"; };
		EECDA9E21A0240B500E35C82 /* LMEmbeddedViewController.m */ = {isa = PBXFileReference; fileEncoding = 4; lastKnownFileType = sourcecode.c.objc; path = LMEmbeddedViewController.m; sourceTree = "<group>"; };
		EECDA9E31A0240B500E35C82 /* LMModalItemTableViewCell.h */ = {isa = PBXFileReference; fileEncoding = 4; lastKnownFileType = sourcecode.c.h; path = LMModalItemTableViewCell.h; sourceTree = "<group>"; };
		EECDA9E41A0240B500E35C82 /* LMModalItemTableViewCell.m */ = {isa = PBXFileReference; fileEncoding = 4; lastKnownFileType = sourcecode.c.objc; path = LMModalItemTableViewCell.m; sourceTree = "<group>"; };
		EECDA9E51A0240B500E35C82 /* LMModalSegue.h */ = {isa = PBXFileReference; fileEncoding = 4; lastKnownFileType = sourcecode.c.h; path = LMModalSegue.h; sourceTree = "<group>"; };
		EECDA9E61A0240B500E35C82 /* LMModalSegue.m */ = {isa = PBXFileReference; fileEncoding = 4; lastKnownFileType = sourcecode.c.objc; path = LMModalSegue.m; sourceTree = "<group>"; };
		EECDA9E71A0240B500E35C82 /* LMNavigationBar.h */ = {isa = PBXFileReference; fileEncoding = 4; lastKnownFileType = sourcecode.c.h; path = LMNavigationBar.h; sourceTree = "<group>"; };
		EECDA9E81A0240B500E35C82 /* LMNavigationBar.m */ = {isa = PBXFileReference; fileEncoding = 4; lastKnownFileType = sourcecode.c.objc; path = LMNavigationBar.m; sourceTree = "<group>"; };
		EECDA9E91A0240B500E35C82 /* LMNavigationController.h */ = {isa = PBXFileReference; fileEncoding = 4; lastKnownFileType = sourcecode.c.h; path = LMNavigationController.h; sourceTree = "<group>"; };
		EECDA9EA1A0240B500E35C82 /* LMNavigationController.m */ = {isa = PBXFileReference; fileEncoding = 4; lastKnownFileType = sourcecode.c.objc; path = LMNavigationController.m; sourceTree = "<group>"; };
		EECDA9EB1A0240B500E35C82 /* Radial.png */ = {isa = PBXFileReference; lastKnownFileType = image.png; path = Radial.png; sourceTree = "<group>"; };
		EECDA9FB1A02417200E35C82 /* libc++.dylib */ = {isa = PBXFileReference; lastKnownFileType = "compiled.mach-o.dylib"; name = "libc++.dylib"; path = "usr/lib/libc++.dylib"; sourceTree = SDKROOT; };
/* End PBXFileReference section */

/* Begin PBXFrameworksBuildPhase section */
		EE45796819F64B0F00E1E9DF /* Frameworks */ = {
			isa = PBXFrameworksBuildPhase;
			buildActionMask = 2147483647;
			files = (
				EECDA9FD1A02419800E35C82 /* libc++.dylib in Frameworks */,
				EECDA9C91A02406100E35C82 /* libcrypto.a in Frameworks */,
				EECDA9701A023FAB00E35C82 /* XPGWifiSDK.framework in Frameworks */,
				EECDA9CA1A02406200E35C82 /* libssl.a in Frameworks */,
			);
			runOnlyForDeploymentPostprocessing = 0;
		};
/* End PBXFrameworksBuildPhase section */

/* Begin PBXGroup section */
		EE33B4F91A1C94E70003854A /* On-boarding */ = {
			isa = PBXGroup;
			children = (
				EE33B4FA1A1C94E70003854A /* Airlink */,
				EE33B4FE1A1C94E70003854A /* SoftAP */,
			);
			path = "On-boarding";
			sourceTree = "<group>";
		};
		EE33B4FA1A1C94E70003854A /* Airlink */ = {
			isa = PBXGroup;
			children = (
				EE33B4FB1A1C94E70003854A /* IoTAirlinkConfigure.h */,
				EE33B4FC1A1C94E70003854A /* IoTAirlinkConfigure.m */,
				EE33B4FD1A1C94E70003854A /* IoTAirlinkConfigure.xib */,
			);
			path = Airlink;
			sourceTree = "<group>";
		};
		EE33B4FE1A1C94E70003854A /* SoftAP */ = {
			isa = PBXGroup;
			children = (
				EE33B4FF1A1C94E70003854A /* IoTDeviceAP.h */,
				EE33B5001A1C94E70003854A /* IoTDeviceAP.m */,
				EE33B5011A1C94E70003854A /* IoTDeviceAP.xib */,
				EE33B5021A1C94E70003854A /* IoTWaitForConfigureAP.h */,
				EE33B5031A1C94E70003854A /* IoTWaitForConfigureAP.m */,
				EE33B5041A1C94E70003854A /* IoTWaitForConfigureAP.xib */,
			);
			path = SoftAP;
			sourceTree = "<group>";
		};
		EE45796219F64B0F00E1E9DF = {
			isa = PBXGroup;
			children = (
				EE45796D19F64B0F00E1E9DF /* gokit */,
				EE45796C19F64B0F00E1E9DF /* Products */,
			);
			sourceTree = "<group>";
		};
		EE45796C19F64B0F00E1E9DF /* Products */ = {
			isa = PBXGroup;
			children = (
				EE45796B19F64B0F00E1E9DF /* gokit.app */,
			);
			name = Products;
			sourceTree = "<group>";
		};
		EE45796D19F64B0F00E1E9DF /* gokit */ = {
			isa = PBXGroup;
			children = (
				EE4579EE19F6512700E1E9DF /* Resource */,
				EE33B4F91A1C94E70003854A /* On-boarding */,
				EE4579CC19F6512400E1E9DF /* Utils */,
				EE4579C019F6511C00E1E9DF /* Devices */,
				EE4579B519F6511500E1E9DF /* NetStatus */,
				EE45799A19F650FE00E1E9DF /* UserAccount */,
				EE45797219F64B0F00E1E9DF /* IoTAppDelegate.h */,
				EE45797319F64B0F00E1E9DF /* IoTAppDelegate.m */,
				EE45797B19F64B0F00E1E9DF /* Images.xcassets */,
				EE45796E19F64B0F00E1E9DF /* Supporting Files */,
			);
			path = gokit;
			sourceTree = "<group>";
		};
		EE45796E19F64B0F00E1E9DF /* Supporting Files */ = {
			isa = PBXGroup;
			children = (
				EECDA9FB1A02417200E35C82 /* libc++.dylib */,
				EE4579D019F6512400E1E9DF /* IoTDefinitions.h */,
				EE4579FC19F6544E00E1E9DF /* gokit.pch */,
				EE45796F19F64B0F00E1E9DF /* Info.plist */,
				EE45797019F64B0F00E1E9DF /* main.m */,
			);
			name = "Supporting Files";
			sourceTree = "<group>";
		};
		EE45799A19F650FE00E1E9DF /* UserAccount */ = {
			isa = PBXGroup;
			children = (
				EE45799E19F650FE00E1E9DF /* IoTLogin.h */,
				EE45799F19F650FE00E1E9DF /* IoTLogin.m */,
				EE4579A019F650FE00E1E9DF /* IoTLogin.xib */,
				EE4579A119F650FE00E1E9DF /* IoTRegister.h */,
				EE4579A219F650FE00E1E9DF /* IoTRegister.m */,
				EE4579A319F650FE00E1E9DF /* IoTRegister.xib */,
			);
			path = UserAccount;
			sourceTree = "<group>";
		};
		EE4579B519F6511500E1E9DF /* NetStatus */ = {
			isa = PBXGroup;
			children = (
				EE4579B619F6511500E1E9DF /* IoTCheckConnection.h */,
				EE4579B719F6511500E1E9DF /* IoTCheckConnection.m */,
				EE4579B819F6511500E1E9DF /* IoTCheckConnection.xib */,
				EE4579B919F6511500E1E9DF /* IoTNotReachable.h */,
				EE4579BA19F6511500E1E9DF /* IoTNotReachable.m */,
				EE4579BB19F6511500E1E9DF /* IoTNotReachable.xib */,
			);
			path = NetStatus;
			sourceTree = "<group>";
		};
		EE4579C019F6511C00E1E9DF /* Devices */ = {
			isa = PBXGroup;
			children = (
				EE7D6D8B19FE3D8C0035DB51 /* Enum */,
				EE7D6D8A19FE38F20035DB51 /* Cells */,
				EE4579C119F6511C00E1E9DF /* IoTDeviceList.h */,
				EE4579C219F6511C00E1E9DF /* IoTDeviceList.m */,
				EE4579C319F6511C00E1E9DF /* IoTDeviceList.xib */,
				EE86C68719F749EF00F661AB /* IoTDeviceController.h */,
				EE86C68819F749EF00F661AB /* IoTDeviceController.m */,
				EE86C68919F749EF00F661AB /* IoTDeviceController.xib */,
			);
			path = Devices;
			sourceTree = "<group>";
		};
		EE4579CC19F6512400E1E9DF /* Utils */ = {
			isa = PBXGroup;
			children = (
				EE6B62A01A1AED3100F08628 /* Wifi */,
				EECDA9361A023F0800E35C82 /* AFNetworking */,
				EE4579CD19F6512400E1E9DF /* CAAnimationBlocks */,
				EECDA9751A02402F00E35C82 /* iToast */,
				EECDA9DC1A0240B500E35C82 /* LMAlertView */,
				EECDA9D81A0240B100E35C82 /* LMFixedTextView */,
				EECDA9711A023FBC00E35C82 /* MBProgressHUD */,
				EECDA9791A02406100E35C82 /* OpenSSL-Universal */,
				EECDA9CB1A02407900E35C82 /* TPKeyboardAvoiding */,
				EECDA96E1A023FAB00E35C82 /* XPGWifiSDK */,
			);
			name = Utils;
			path = Uitls;
			sourceTree = "<group>";
		};
		EE4579CD19F6512400E1E9DF /* CAAnimationBlocks */ = {
			isa = PBXGroup;
			children = (
				EE4579CE19F6512400E1E9DF /* CAAnimation+Blocks.h */,
				EE4579CF19F6512400E1E9DF /* CAAnimation+Blocks.m */,
			);
			path = CAAnimationBlocks;
			sourceTree = "<group>";
		};
		EE4579EE19F6512700E1E9DF /* Resource */ = {
			isa = PBXGroup;
			children = (
				EE6B62A41A1AF5A000F08628 /* data.json */,
				EE4579EF19F6512700E1E9DF /* Images */,
			);
			path = Resource;
			sourceTree = "<group>";
		};
		EE4579EF19F6512700E1E9DF /* Images */ = {
			isa = PBXGroup;
			children = (
				EE4579F019F6512700E1E9DF /* align.png */,
				EE4579F119F6512700E1E9DF /* rssi_0@2x.png */,
				EE4579F219F6512700E1E9DF /* rssi_1@2x.png */,
				EE4579F319F6512700E1E9DF /* rssi_2@2x.png */,
				EE4579F419F6512700E1E9DF /* rssi_3@2x.png */,
				EE4579F519F6512700E1E9DF /* rssi_4@2x.png */,
			);
			path = Images;
			sourceTree = "<group>";
		};
		EE6B62A01A1AED3100F08628 /* Wifi */ = {
			isa = PBXGroup;
			children = (
				EE6B62A11A1AED3100F08628 /* IoTWifiUtil.h */,
				EE6B62A21A1AED3100F08628 /* IoTWifiUtil.m */,
			);
			path = Wifi;
			sourceTree = "<group>";
		};
		EE7D6D8A19FE38F20035DB51 /* Cells */ = {
			isa = PBXGroup;
			children = (
				EE86C68E19F7928000F661AB /* IoTDeviceSliderCell.h */,
				EE86C68F19F7928000F661AB /* IoTDeviceSliderCell.m */,
				EE86C69019F7928000F661AB /* IoTDeviceSliderCell.xib */,
				EE86C69319F7929800F661AB /* IoTDeviceLabelCell.h */,
				EE86C69419F7929800F661AB /* IoTDeviceLabelCell.m */,
				EE86C69519F7929800F661AB /* IoTDeviceLabelCell.xib */,
				EE7D6D8019FE38CD0035DB51 /* IoTDeviceBoolCell.h */,
				EE7D6D8119FE38CD0035DB51 /* IoTDeviceBoolCell.m */,
				EE7D6D8219FE38CD0035DB51 /* IoTDeviceBoolCell.xib */,
				EE7D6D8519FE38EB0035DB51 /* IoTDeviceEnumCell.h */,
				EE7D6D8619FE38EB0035DB51 /* IoTDeviceEnumCell.m */,
				EE7D6D8719FE38EB0035DB51 /* IoTDeviceEnumCell.xib */,
			);
			name = Cells;
			sourceTree = "<group>";
		};
		EE7D6D8B19FE3D8C0035DB51 /* Enum */ = {
			isa = PBXGroup;
			children = (
				EE7D6D8C19FE3DAD0035DB51 /* IoTDeviceEnumSelection.h */,
				EE7D6D8D19FE3DAD0035DB51 /* IoTDeviceEnumSelection.m */,
				EE7D6D8E19FE3DAD0035DB51 /* IoTDeviceEnumSelection.xib */,
			);
			name = Enum;
			sourceTree = "<group>";
		};
		EECDA9361A023F0800E35C82 /* AFNetworking */ = {
			isa = PBXGroup;
			children = (
				EECDA9371A023F0800E35C82 /* AFNetworking */,
				EECDA94B1A023F0800E35C82 /* UIKit+AFNetworking */,
			);
			path = AFNetworking;
			sourceTree = "<group>";
		};
		EECDA9371A023F0800E35C82 /* AFNetworking */ = {
			isa = PBXGroup;
			children = (
				EECDA9381A023F0800E35C82 /* AFHTTPRequestOperation.h */,
				EECDA9391A023F0800E35C82 /* AFHTTPRequestOperation.m */,
				EECDA93A1A023F0800E35C82 /* AFHTTPRequestOperationManager.h */,
				EECDA93B1A023F0800E35C82 /* AFHTTPRequestOperationManager.m */,
				EECDA93C1A023F0800E35C82 /* AFHTTPSessionManager.h */,
				EECDA93D1A023F0800E35C82 /* AFHTTPSessionManager.m */,
				EECDA93E1A023F0800E35C82 /* AFNetworking.h */,
				EECDA93F1A023F0800E35C82 /* AFNetworkReachabilityManager.h */,
				EECDA9401A023F0800E35C82 /* AFNetworkReachabilityManager.m */,
				EECDA9411A023F0800E35C82 /* AFSecurityPolicy.h */,
				EECDA9421A023F0800E35C82 /* AFSecurityPolicy.m */,
				EECDA9431A023F0800E35C82 /* AFURLConnectionOperation.h */,
				EECDA9441A023F0800E35C82 /* AFURLConnectionOperation.m */,
				EECDA9451A023F0800E35C82 /* AFURLRequestSerialization.h */,
				EECDA9461A023F0800E35C82 /* AFURLRequestSerialization.m */,
				EECDA9471A023F0800E35C82 /* AFURLResponseSerialization.h */,
				EECDA9481A023F0800E35C82 /* AFURLResponseSerialization.m */,
				EECDA9491A023F0800E35C82 /* AFURLSessionManager.h */,
				EECDA94A1A023F0800E35C82 /* AFURLSessionManager.m */,
			);
			path = AFNetworking;
			sourceTree = "<group>";
		};
		EECDA94B1A023F0800E35C82 /* UIKit+AFNetworking */ = {
			isa = PBXGroup;
			children = (
				EECDA94C1A023F0800E35C82 /* AFNetworkActivityIndicatorManager.h */,
				EECDA94D1A023F0800E35C82 /* AFNetworkActivityIndicatorManager.m */,
				EECDA94E1A023F0800E35C82 /* UIActivityIndicatorView+AFNetworking.h */,
				EECDA94F1A023F0800E35C82 /* UIActivityIndicatorView+AFNetworking.m */,
				EECDA9501A023F0800E35C82 /* UIAlertView+AFNetworking.h */,
				EECDA9511A023F0800E35C82 /* UIAlertView+AFNetworking.m */,
				EECDA9521A023F0800E35C82 /* UIButton+AFNetworking.h */,
				EECDA9531A023F0800E35C82 /* UIButton+AFNetworking.m */,
				EECDA9541A023F0800E35C82 /* UIImageView+AFNetworking.h */,
				EECDA9551A023F0800E35C82 /* UIImageView+AFNetworking.m */,
				EECDA9561A023F0800E35C82 /* UIKit+AFNetworking.h */,
				EECDA9571A023F0800E35C82 /* UIProgressView+AFNetworking.h */,
				EECDA9581A023F0800E35C82 /* UIProgressView+AFNetworking.m */,
				EECDA9591A023F0800E35C82 /* UIRefreshControl+AFNetworking.h */,
				EECDA95A1A023F0800E35C82 /* UIRefreshControl+AFNetworking.m */,
				EECDA95B1A023F0800E35C82 /* UIWebView+AFNetworking.h */,
				EECDA95C1A023F0800E35C82 /* UIWebView+AFNetworking.m */,
			);
			path = "UIKit+AFNetworking";
			sourceTree = "<group>";
		};
		EECDA96E1A023FAB00E35C82 /* XPGWifiSDK */ = {
			isa = PBXGroup;
			children = (
				EECDA96F1A023FAB00E35C82 /* XPGWifiSDK.framework */,
			);
			path = XPGWifiSDK;
			sourceTree = "<group>";
		};
		EECDA9711A023FBC00E35C82 /* MBProgressHUD */ = {
			isa = PBXGroup;
			children = (
				EECDA9721A023FBC00E35C82 /* MBProgressHUD.h */,
				EECDA9731A023FBC00E35C82 /* MBProgressHUD.m */,
			);
			path = MBProgressHUD;
			sourceTree = "<group>";
		};
		EECDA9751A02402F00E35C82 /* iToast */ = {
			isa = PBXGroup;
			children = (
				EECDA9761A02402F00E35C82 /* iToast.h */,
				EECDA9771A02402F00E35C82 /* iToast.m */,
			);
			path = iToast;
			sourceTree = "<group>";
		};
		EECDA9791A02406100E35C82 /* OpenSSL-Universal */ = {
			isa = PBXGroup;
			children = (
				EECDA97A1A02406100E35C82 /* Include */,
				EECDA9C61A02406100E35C82 /* library */,
			);
			path = "OpenSSL-Universal";
			sourceTree = "<group>";
		};
		EECDA97A1A02406100E35C82 /* Include */ = {
			isa = PBXGroup;
			children = (
				EECDA97B1A02406100E35C82 /* aes.h */,
				EECDA97C1A02406100E35C82 /* asn1.h */,
				EECDA97D1A02406100E35C82 /* asn1_mac.h */,
				EECDA97E1A02406100E35C82 /* asn1t.h */,
				EECDA97F1A02406100E35C82 /* bio.h */,
				EECDA9801A02406100E35C82 /* blowfish.h */,
				EECDA9811A02406100E35C82 /* bn.h */,
				EECDA9821A02406100E35C82 /* buffer.h */,
				EECDA9831A02406100E35C82 /* camellia.h */,
				EECDA9841A02406100E35C82 /* cast.h */,
				EECDA9851A02406100E35C82 /* cmac.h */,
				EECDA9861A02406100E35C82 /* cms.h */,
				EECDA9871A02406100E35C82 /* comp.h */,
				EECDA9881A02406100E35C82 /* conf.h */,
				EECDA9891A02406100E35C82 /* conf_api.h */,
				EECDA98A1A02406100E35C82 /* crypto.h */,
				EECDA98B1A02406100E35C82 /* des.h */,
				EECDA98C1A02406100E35C82 /* des_old.h */,
				EECDA98D1A02406100E35C82 /* dh.h */,
				EECDA98E1A02406100E35C82 /* dsa.h */,
				EECDA98F1A02406100E35C82 /* dso.h */,
				EECDA9901A02406100E35C82 /* dtls1.h */,
				EECDA9911A02406100E35C82 /* e_os2.h */,
				EECDA9921A02406100E35C82 /* ebcdic.h */,
				EECDA9931A02406100E35C82 /* ec.h */,
				EECDA9941A02406100E35C82 /* ecdh.h */,
				EECDA9951A02406100E35C82 /* ecdsa.h */,
				EECDA9961A02406100E35C82 /* engine.h */,
				EECDA9971A02406100E35C82 /* err.h */,
				EECDA9981A02406100E35C82 /* evp.h */,
				EECDA9991A02406100E35C82 /* hmac.h */,
				EECDA99A1A02406100E35C82 /* idea.h */,
				EECDA99B1A02406100E35C82 /* krb5_asn.h */,
				EECDA99C1A02406100E35C82 /* kssl.h */,
				EECDA99D1A02406100E35C82 /* lhash.h */,
				EECDA99E1A02406100E35C82 /* md4.h */,
				EECDA99F1A02406100E35C82 /* md5.h */,
				EECDA9A01A02406100E35C82 /* mdc2.h */,
				EECDA9A11A02406100E35C82 /* modes.h */,
				EECDA9A21A02406100E35C82 /* obj_mac.h */,
				EECDA9A31A02406100E35C82 /* objects.h */,
				EECDA9A41A02406100E35C82 /* ocsp.h */,
				EECDA9A51A02406100E35C82 /* opensslconf.h */,
				EECDA9A61A02406100E35C82 /* opensslv.h */,
				EECDA9A71A02406100E35C82 /* ossl_typ.h */,
				EECDA9A81A02406100E35C82 /* pem.h */,
				EECDA9A91A02406100E35C82 /* pem2.h */,
				EECDA9AA1A02406100E35C82 /* pkcs12.h */,
				EECDA9AB1A02406100E35C82 /* pkcs7.h */,
				EECDA9AC1A02406100E35C82 /* pqueue.h */,
				EECDA9AD1A02406100E35C82 /* rand.h */,
				EECDA9AE1A02406100E35C82 /* rc2.h */,
				EECDA9AF1A02406100E35C82 /* rc4.h */,
				EECDA9B01A02406100E35C82 /* ripemd.h */,
				EECDA9B11A02406100E35C82 /* rsa.h */,
				EECDA9B21A02406100E35C82 /* safestack.h */,
				EECDA9B31A02406100E35C82 /* seed.h */,
				EECDA9B41A02406100E35C82 /* sha.h */,
				EECDA9B51A02406100E35C82 /* srp.h */,
				EECDA9B61A02406100E35C82 /* srtp.h */,
				EECDA9B71A02406100E35C82 /* ssl.h */,
				EECDA9B81A02406100E35C82 /* ssl2.h */,
				EECDA9B91A02406100E35C82 /* ssl23.h */,
				EECDA9BA1A02406100E35C82 /* ssl3.h */,
				EECDA9BB1A02406100E35C82 /* stack.h */,
				EECDA9BC1A02406100E35C82 /* symhacks.h */,
				EECDA9BD1A02406100E35C82 /* tls1.h */,
				EECDA9BE1A02406100E35C82 /* ts.h */,
				EECDA9BF1A02406100E35C82 /* txt_db.h */,
				EECDA9C01A02406100E35C82 /* ui.h */,
				EECDA9C11A02406100E35C82 /* ui_compat.h */,
				EECDA9C21A02406100E35C82 /* whrlpool.h */,
				EECDA9C31A02406100E35C82 /* x509.h */,
				EECDA9C41A02406100E35C82 /* x509_vfy.h */,
				EECDA9C51A02406100E35C82 /* x509v3.h */,
			);
			path = Include;
			sourceTree = "<group>";
		};
		EECDA9C61A02406100E35C82 /* library */ = {
			isa = PBXGroup;
			children = (
				EECDA9C71A02406100E35C82 /* libcrypto.a */,
				EECDA9C81A02406100E35C82 /* libssl.a */,
			);
			path = library;
			sourceTree = "<group>";
		};
		EECDA9CB1A02407900E35C82 /* TPKeyboardAvoiding */ = {
			isa = PBXGroup;
			children = (
				EECDA9CC1A02407900E35C82 /* TPKeyboardAvoidingCollectionView.h */,
				EECDA9CD1A02407900E35C82 /* TPKeyboardAvoidingCollectionView.m */,
				EECDA9CE1A02407900E35C82 /* TPKeyboardAvoidingScrollView.h */,
				EECDA9CF1A02407900E35C82 /* TPKeyboardAvoidingScrollView.m */,
				EECDA9D01A02407900E35C82 /* TPKeyboardAvoidingTableView.h */,
				EECDA9D11A02407900E35C82 /* TPKeyboardAvoidingTableView.m */,
				EECDA9D21A02407900E35C82 /* UIScrollView+TPKeyboardAvoidingAdditions.h */,
				EECDA9D31A02407900E35C82 /* UIScrollView+TPKeyboardAvoidingAdditions.m */,
			);
			path = TPKeyboardAvoiding;
			sourceTree = "<group>";
		};
		EECDA9D81A0240B100E35C82 /* LMFixedTextView */ = {
			isa = PBXGroup;
			children = (
				EECDA9D91A0240B100E35C82 /* LMFixedTextView.h */,
				EECDA9DA1A0240B100E35C82 /* LMFixedTextView.m */,
			);
			path = LMFixedTextView;
			sourceTree = "<group>";
		};
		EECDA9DC1A0240B500E35C82 /* LMAlertView */ = {
			isa = PBXGroup;
			children = (
				EECDA9DD1A0240B500E35C82 /* CALayer+ModalAlert.h */,
				EECDA9DE1A0240B500E35C82 /* CALayer+ModalAlert.m */,
				EECDA9DF1A0240B500E35C82 /* LMAlertView.h */,
				EECDA9E01A0240B500E35C82 /* LMAlertView.m */,
				EECDA9E11A0240B500E35C82 /* LMEmbeddedViewController.h */,
				EECDA9E21A0240B500E35C82 /* LMEmbeddedViewController.m */,
				EECDA9E31A0240B500E35C82 /* LMModalItemTableViewCell.h */,
				EECDA9E41A0240B500E35C82 /* LMModalItemTableViewCell.m */,
				EECDA9E51A0240B500E35C82 /* LMModalSegue.h */,
				EECDA9E61A0240B500E35C82 /* LMModalSegue.m */,
				EECDA9E71A0240B500E35C82 /* LMNavigationBar.h */,
				EECDA9E81A0240B500E35C82 /* LMNavigationBar.m */,
				EECDA9E91A0240B500E35C82 /* LMNavigationController.h */,
				EECDA9EA1A0240B500E35C82 /* LMNavigationController.m */,
				EECDA9EB1A0240B500E35C82 /* Radial.png */,
			);
			path = LMAlertView;
			sourceTree = "<group>";
		};
/* End PBXGroup section */

/* Begin PBXNativeTarget section */
		EE45796A19F64B0F00E1E9DF /* gokit */ = {
			isa = PBXNativeTarget;
			buildConfigurationList = EE45798E19F64B0F00E1E9DF /* Build configuration list for PBXNativeTarget "gokit" */;
			buildPhases = (
				EE45796719F64B0F00E1E9DF /* Sources */,
				EE45796819F64B0F00E1E9DF /* Frameworks */,
				EE45796919F64B0F00E1E9DF /* Resources */,
			);
			buildRules = (
			);
			dependencies = (
			);
			name = gokit;
			productName = gokit;
			productReference = EE45796B19F64B0F00E1E9DF /* gokit.app */;
			productType = "com.apple.product-type.application";
		};
/* End PBXNativeTarget section */

/* Begin PBXProject section */
		EE45796319F64B0F00E1E9DF /* Project object */ = {
			isa = PBXProject;
			attributes = {
				LastUpgradeCheck = 0600;
				ORGANIZATIONNAME = xpg;
				TargetAttributes = {
					EE45796A19F64B0F00E1E9DF = {
						CreatedOnToolsVersion = 6.0.1;
					};
				};
			};
			buildConfigurationList = EE45796619F64B0F00E1E9DF /* Build configuration list for PBXProject "gokit" */;
			compatibilityVersion = "Xcode 3.2";
			developmentRegion = English;
			hasScannedForEncodings = 0;
			knownRegions = (
				en,
				Base,
			);
			mainGroup = EE45796219F64B0F00E1E9DF;
			productRefGroup = EE45796C19F64B0F00E1E9DF /* Products */;
			projectDirPath = "";
			projectRoot = "";
			targets = (
				EE45796A19F64B0F00E1E9DF /* gokit */,
			);
		};
/* End PBXProject section */

/* Begin PBXResourcesBuildPhase section */
		EE45796919F64B0F00E1E9DF /* Resources */ = {
			isa = PBXResourcesBuildPhase;
			buildActionMask = 2147483647;
			files = (
				EE4579BD19F6511500E1E9DF /* IoTCheckConnection.xib in Resources */,
				EE4579F719F6512700E1E9DF /* rssi_0@2x.png in Resources */,
				EE86C69219F7928000F661AB /* IoTDeviceSliderCell.xib in Resources */,
				EE4579BF19F6511500E1E9DF /* IoTNotReachable.xib in Resources */,
				EE45797C19F64B0F00E1E9DF /* Images.xcassets in Resources */,
				EE4579F619F6512700E1E9DF /* align.png in Resources */,
				EE33B5061A1C94E70003854A /* IoTAirlinkConfigure.xib in Resources */,
				EE33B5081A1C94E70003854A /* IoTDeviceAP.xib in Resources */,
				EE86C68B19F749EF00F661AB /* IoTDeviceController.xib in Resources */,
				EE86C69719F7929800F661AB /* IoTDeviceLabelCell.xib in Resources */,
				EE4579FA19F6512700E1E9DF /* rssi_3@2x.png in Resources */,
				EE4579FB19F6512700E1E9DF /* rssi_4@2x.png in Resources */,
				EE33B50A1A1C94E70003854A /* IoTWaitForConfigureAP.xib in Resources */,
				EE7D6D8919FE38EB0035DB51 /* IoTDeviceEnumCell.xib in Resources */,
				EE4579F819F6512700E1E9DF /* rssi_1@2x.png in Resources */,
				EE7D6D8419FE38CD0035DB51 /* IoTDeviceBoolCell.xib in Resources */,
				EECDA9F31A0240B500E35C82 /* Radial.png in Resources */,
				EE7D6D9019FE3DAD0035DB51 /* IoTDeviceEnumSelection.xib in Resources */,
				EE6B62A51A1AF5A000F08628 /* data.json in Resources */,
				EE4579F919F6512700E1E9DF /* rssi_2@2x.png in Resources */,
				EE4579A719F650FE00E1E9DF /* IoTLogin.xib in Resources */,
				EE4579C519F6511C00E1E9DF /* IoTDeviceList.xib in Resources */,
				EE4579A919F650FE00E1E9DF /* IoTRegister.xib in Resources */,
			);
			runOnlyForDeploymentPostprocessing = 0;
		};
/* End PBXResourcesBuildPhase section */

/* Begin PBXSourcesBuildPhase section */
		EE45796719F64B0F00E1E9DF /* Sources */ = {
			isa = PBXSourcesBuildPhase;
			buildActionMask = 2147483647;
			files = (
				EECDA95D1A023F0800E35C82 /* AFHTTPRequestOperation.m in Sources */,
				EE6B62A31A1AED3100F08628 /* IoTWifiUtil.m in Sources */,
				EE4579BC19F6511500E1E9DF /* IoTCheckConnection.m in Sources */,
				EECDA9EC1A0240B500E35C82 /* CALayer+ModalAlert.m in Sources */,
				EE4579C419F6511C00E1E9DF /* IoTDeviceList.m in Sources */,
				EE33B5071A1C94E70003854A /* IoTDeviceAP.m in Sources */,
				EE45797419F64B0F00E1E9DF /* IoTAppDelegate.m in Sources */,
				EECDA96D1A023F0800E35C82 /* UIWebView+AFNetworking.m in Sources */,
				EECDA9F21A0240B500E35C82 /* LMNavigationController.m in Sources */,
				EECDA95F1A023F0800E35C82 /* AFHTTPSessionManager.m in Sources */,
				EE45797119F64B0F00E1E9DF /* main.m in Sources */,
				EECDA9F01A0240B500E35C82 /* LMModalSegue.m in Sources */,
				EECDA9EE1A0240B500E35C82 /* LMEmbeddedViewController.m in Sources */,
				EECDA96C1A023F0800E35C82 /* UIRefreshControl+AFNetworking.m in Sources */,
				EECDA9D41A02407900E35C82 /* TPKeyboardAvoidingCollectionView.m in Sources */,
				EECDA9661A023F0800E35C82 /* AFNetworkActivityIndicatorManager.m in Sources */,
				EE7D6D8319FE38CD0035DB51 /* IoTDeviceBoolCell.m in Sources */,
				EECDA96A1A023F0800E35C82 /* UIImageView+AFNetworking.m in Sources */,
				EECDA9691A023F0800E35C82 /* UIButton+AFNetworking.m in Sources */,
				EECDA9741A023FBC00E35C82 /* MBProgressHUD.m in Sources */,
				EECDA9671A023F0800E35C82 /* UIActivityIndicatorView+AFNetworking.m in Sources */,
				EECDA9651A023F0800E35C82 /* AFURLSessionManager.m in Sources */,
				EECDA9781A02402F00E35C82 /* iToast.m in Sources */,
				EE7D6D8819FE38EB0035DB51 /* IoTDeviceEnumCell.m in Sources */,
				EECDA9611A023F0800E35C82 /* AFSecurityPolicy.m in Sources */,
				EECDA9641A023F0800E35C82 /* AFURLResponseSerialization.m in Sources */,
				EECDA96B1A023F0800E35C82 /* UIProgressView+AFNetworking.m in Sources */,
				EE4579A819F650FE00E1E9DF /* IoTRegister.m in Sources */,
				EE4579BE19F6511500E1E9DF /* IoTNotReachable.m in Sources */,
				EE86C68A19F749EF00F661AB /* IoTDeviceController.m in Sources */,
				EECDA9621A023F0800E35C82 /* AFURLConnectionOperation.m in Sources */,
				EE4579E419F6512400E1E9DF /* CAAnimation+Blocks.m in Sources */,
				EECDA9681A023F0800E35C82 /* UIAlertView+AFNetworking.m in Sources */,
				EECDA9D71A02407900E35C82 /* UIScrollView+TPKeyboardAvoidingAdditions.m in Sources */,
				EECDA9631A023F0800E35C82 /* AFURLRequestSerialization.m in Sources */,
				EECDA9EF1A0240B500E35C82 /* LMModalItemTableViewCell.m in Sources */,
				EE7D6D8F19FE3DAD0035DB51 /* IoTDeviceEnumSelection.m in Sources */,
				EECDA9D61A02407900E35C82 /* TPKeyboardAvoidingTableView.m in Sources */,
				EE86C69119F7928000F661AB /* IoTDeviceSliderCell.m in Sources */,
				EECDA95E1A023F0800E35C82 /* AFHTTPRequestOperationManager.m in Sources */,
				EE33B5051A1C94E70003854A /* IoTAirlinkConfigure.m in Sources */,
				EECDA9F11A0240B500E35C82 /* LMNavigationBar.m in Sources */,
				EE33B5091A1C94E70003854A /* IoTWaitForConfigureAP.m in Sources */,
				EE4579A619F650FE00E1E9DF /* IoTLogin.m in Sources */,
				EE86C69619F7929800F661AB /* IoTDeviceLabelCell.m in Sources */,
				EECDA9601A023F0800E35C82 /* AFNetworkReachabilityManager.m in Sources */,
				EECDA9D51A02407900E35C82 /* TPKeyboardAvoidingScrollView.m in Sources */,
				EECDA9DB1A0240B100E35C82 /* LMFixedTextView.m in Sources */,
				EECDA9ED1A0240B500E35C82 /* LMAlertView.m in Sources */,
			);
			runOnlyForDeploymentPostprocessing = 0;
		};
/* End PBXSourcesBuildPhase section */

/* Begin XCBuildConfiguration section */
		EE45798C19F64B0F00E1E9DF /* Debug */ = {
			isa = XCBuildConfiguration;
			buildSettings = {
				ALWAYS_SEARCH_USER_PATHS = NO;
				CLANG_CXX_LANGUAGE_STANDARD = "gnu++0x";
				CLANG_CXX_LIBRARY = "libc++";
				CLANG_ENABLE_MODULES = YES;
				CLANG_ENABLE_OBJC_ARC = YES;
				CLANG_WARN_BOOL_CONVERSION = YES;
				CLANG_WARN_CONSTANT_CONVERSION = YES;
				CLANG_WARN_DIRECT_OBJC_ISA_USAGE = YES_ERROR;
				CLANG_WARN_EMPTY_BODY = YES;
				CLANG_WARN_ENUM_CONVERSION = YES;
				CLANG_WARN_INT_CONVERSION = YES;
				CLANG_WARN_OBJC_ROOT_CLASS = YES_ERROR;
				CLANG_WARN_UNREACHABLE_CODE = YES;
				CLANG_WARN__DUPLICATE_METHOD_MATCH = YES;
				CODE_SIGN_IDENTITY = "iPhone Developer";
				"CODE_SIGN_IDENTITY[sdk=iphoneos*]" = "iPhone Developer";
				COPY_PHASE_STRIP = NO;
				ENABLE_STRICT_OBJC_MSGSEND = YES;
				GCC_C_LANGUAGE_STANDARD = gnu99;
				GCC_DYNAMIC_NO_PIC = NO;
				GCC_OPTIMIZATION_LEVEL = 0;
				GCC_PREPROCESSOR_DEFINITIONS = (
					"DEBUG=1",
					"$(inherited)",
				);
				GCC_SYMBOLS_PRIVATE_EXTERN = NO;
				GCC_WARN_64_TO_32_BIT_CONVERSION = YES;
				GCC_WARN_ABOUT_RETURN_TYPE = YES_ERROR;
				GCC_WARN_UNDECLARED_SELECTOR = YES;
				GCC_WARN_UNINITIALIZED_AUTOS = YES_AGGRESSIVE;
				GCC_WARN_UNUSED_FUNCTION = YES;
				GCC_WARN_UNUSED_VARIABLE = YES;
				HEADER_SEARCH_PATHS = (
					"$(inherited)",
					/Applications/Xcode.app/Contents/Developer/Toolchains/XcodeDefault.xctoolchain/usr/include,
					"\"$(SRCROOT)/gokit/Uitls\"",
					"\"$(SRCROOT)/gokit/Uitls/AFNetworking\"",
					"\"$(SRCROOT)/gokit/Uitls/iToast\"",
				);
				IPHONEOS_DEPLOYMENT_TARGET = 7.0;
				MTL_ENABLE_DEBUG_INFO = YES;
				ONLY_ACTIVE_ARCH = YES;
				SDKROOT = iphoneos;
			};
			name = Debug;
		};
		EE45798D19F64B0F00E1E9DF /* Release */ = {
			isa = XCBuildConfiguration;
			buildSettings = {
				ALWAYS_SEARCH_USER_PATHS = NO;
				CLANG_CXX_LANGUAGE_STANDARD = "gnu++0x";
				CLANG_CXX_LIBRARY = "libc++";
				CLANG_ENABLE_MODULES = YES;
				CLANG_ENABLE_OBJC_ARC = YES;
				CLANG_WARN_BOOL_CONVERSION = YES;
				CLANG_WARN_CONSTANT_CONVERSION = YES;
				CLANG_WARN_DIRECT_OBJC_ISA_USAGE = YES_ERROR;
				CLANG_WARN_EMPTY_BODY = YES;
				CLANG_WARN_ENUM_CONVERSION = YES;
				CLANG_WARN_INT_CONVERSION = YES;
				CLANG_WARN_OBJC_ROOT_CLASS = YES_ERROR;
				CLANG_WARN_UNREACHABLE_CODE = YES;
				CLANG_WARN__DUPLICATE_METHOD_MATCH = YES;
				CODE_SIGN_IDENTITY = "iPhone Developer";
				"CODE_SIGN_IDENTITY[sdk=iphoneos*]" = "iPhone Developer";
				COPY_PHASE_STRIP = YES;
				ENABLE_NS_ASSERTIONS = NO;
				ENABLE_STRICT_OBJC_MSGSEND = YES;
				GCC_C_LANGUAGE_STANDARD = gnu99;
				GCC_WARN_64_TO_32_BIT_CONVERSION = YES;
				GCC_WARN_ABOUT_RETURN_TYPE = YES_ERROR;
				GCC_WARN_UNDECLARED_SELECTOR = YES;
				GCC_WARN_UNINITIALIZED_AUTOS = YES_AGGRESSIVE;
				GCC_WARN_UNUSED_FUNCTION = YES;
				GCC_WARN_UNUSED_VARIABLE = YES;
				HEADER_SEARCH_PATHS = (
					"$(inherited)",
					/Applications/Xcode.app/Contents/Developer/Toolchains/XcodeDefault.xctoolchain/usr/include,
					"\"$(SRCROOT)/gokit/Uitls\"",
					"\"$(SRCROOT)/gokit/Uitls/AFNetworking\"",
					"\"$(SRCROOT)/gokit/Uitls/iToast\"",
				);
				IPHONEOS_DEPLOYMENT_TARGET = 7.0;
				MTL_ENABLE_DEBUG_INFO = NO;
				SDKROOT = iphoneos;
				VALIDATE_PRODUCT = YES;
			};
			name = Release;
		};
		EE45798F19F64B0F00E1E9DF /* Debug */ = {
			isa = XCBuildConfiguration;
			buildSettings = {
				ASSETCATALOG_COMPILER_APPICON_NAME = AppIcon;
				ASSETCATALOG_COMPILER_LAUNCHIMAGE_NAME = LaunchImage;
				CODE_SIGN_IDENTITY = "iPhone Developer";
				FRAMEWORK_SEARCH_PATHS = (
					"$(inherited)",
					"$(PROJECT_DIR)/gokit/Uitls/XPGWifiSDK",
				);
				GCC_PREFIX_HEADER = gokit/Resource/gokit.pch;
				INFOPLIST_FILE = gokit/Info.plist;
				IPHONEOS_DEPLOYMENT_TARGET = 6.0;
				LD_RUNPATH_SEARCH_PATHS = "$(inherited) @executable_path/Frameworks";
				LIBRARY_SEARCH_PATHS = (
					"$(inherited)",
					"$(PROJECT_DIR)/gokit/Uitls/OpenSSL-Universal/library",
				);
				PRODUCT_NAME = "$(TARGET_NAME)";
			};
			name = Debug;
		};
		EE45799019F64B0F00E1E9DF /* Release */ = {
			isa = XCBuildConfiguration;
			buildSettings = {
				ASSETCATALOG_COMPILER_APPICON_NAME = AppIcon;
				ASSETCATALOG_COMPILER_LAUNCHIMAGE_NAME = LaunchImage;
				CODE_SIGN_IDENTITY = "iPhone Developer";
				FRAMEWORK_SEARCH_PATHS = (
					"$(inherited)",
					"$(PROJECT_DIR)/gokit/Uitls/XPGWifiSDK",
				);
				GCC_PREFIX_HEADER = gokit/Resource/gokit.pch;
				INFOPLIST_FILE = gokit/Info.plist;
				IPHONEOS_DEPLOYMENT_TARGET = 6.0;
				LD_RUNPATH_SEARCH_PATHS = "$(inherited) @executable_path/Frameworks";
				LIBRARY_SEARCH_PATHS = (
					"$(inherited)",
					"$(PROJECT_DIR)/gokit/Uitls/OpenSSL-Universal/library",
				);
				PRODUCT_NAME = "$(TARGET_NAME)";
			};
			name = Release;
		};
/* End XCBuildConfiguration section */

/* Begin XCConfigurationList section */
		EE45796619F64B0F00E1E9DF /* Build configuration list for PBXProject "gokit" */ = {
			isa = XCConfigurationList;
			buildConfigurations = (
				EE45798C19F64B0F00E1E9DF /* Debug */,
				EE45798D19F64B0F00E1E9DF /* Release */,
			);
			defaultConfigurationIsVisible = 0;
			defaultConfigurationName = Release;
		};
		EE45798E19F64B0F00E1E9DF /* Build configuration list for PBXNativeTarget "gokit" */ = {
			isa = XCConfigurationList;
			buildConfigurations = (
				EE45798F19F64B0F00E1E9DF /* Debug */,
				EE45799019F64B0F00E1E9DF /* Release */,
			);
			defaultConfigurationIsVisible = 0;
			defaultConfigurationName = Release;
		};
/* End XCConfigurationList section */
	};
	rootObject = EE45796319F64B0F00E1E9DF /* Project object */;
}
